PODS:
  - Benchmark (2.0)
  - Charts (3.2.2):
    - Charts/Core (= 3.2.2)
  - Charts/Core (3.2.2)
  - SwiftyJSON (4.3.0)

DEPENDENCIES:
  - Benchmark
  - Charts
  - SwiftyJSON

SPEC REPOS:
  https://github.com/cocoapods/specs.git:
    - Benchmark
    - Charts
    - SwiftyJSON

SPEC CHECKSUMS:
  Benchmark: 3c9951f79ae716f1dc3c8256f1f2db05eea7b534
  Charts: f69cf0518b6d1d62608ca504248f1bbe0b6ae77e
  SwiftyJSON: 6faa0040f8b59dead0ee07436cbf76b73c08fd08

PODFILE CHECKSUM: 6519f47cd2ddc14a5ff35b528bed083a8eb3abaa

COCOAPODS: 1.6.1
