PODS:
  - Benchmark (2.0)
  - Charts (3.2.0):
    - Charts/Core (= 3.2.0)
  - Charts/Core (3.2.0)
  - SwiftyJSON (4.1.0)

DEPENDENCIES:
  - Benchmark
  - Charts
  - SwiftyJSON

SPEC REPOS:
  https://github.com/cocoapods/specs.git:
    - Benchmark
    - Charts
    - SwiftyJSON

SPEC CHECKSUMS:
  Benchmark: 3c9951f79ae716f1dc3c8256f1f2db05eea7b534
  Charts: 680c8328bd5e90cb14f67e00d2176f3113d19141
  SwiftyJSON: c29297daf073d2aa016295d5809cdd68045c39b3

PODFILE CHECKSUM: 4afe26635bdffa75053ac2ac620b6375b1cf3a56

COCOAPODS: 1.5.3
