// !$*UTF8*$!
{
	archiveVersion = 1;
	classes = {
	};
	objectVersion = 52;
	objects = {

/* Begin PBXBuildFile section */
		8A0ADC3123294EAD00081F4B /* UITabView.swift in Sources */ = {isa = PBXBuildFile; fileRef = 8A0ADC3023294EAD00081F4B /* UITabView.swift */; };
		8A0ADC33232964E700081F4B /* TrainingTab.swift in Sources */ = {isa = PBXBuildFile; fileRef = 8A0ADC32232964E700081F4B /* TrainingTab.swift */; };
		8A12D7AA22C4FB38006B29AA /* Charts in Frameworks */ = {isa = PBXBuildFile; productRef = 8A12D7A922C4FB38006B29AA /* Charts */; };
		8A1916B9214E6BC000D96E9E /* TrainingExerciseChartDataGenerator.swift in Sources */ = {isa = PBXBuildFile; fileRef = 8A1916B8214E6BC000D96E9E /* TrainingExerciseChartDataGenerator.swift */; };
		8A1C7F8B233DE54700B66E93 /* ReceiptFetcher.swift in Sources */ = {isa = PBXBuildFile; fileRef = 8A1C7F8A233DE54700B66E93 /* ReceiptFetcher.swift */; };
		8A1D989822C7C6AC0071225D /* TrainingSetEditor.swift in Sources */ = {isa = PBXBuildFile; fileRef = 8A1D989722C7C6AC0071225D /* TrainingSetEditor.swift */; };
		8A1E335322C5570B00B1E04B /* Dragger.swift in Sources */ = {isa = PBXBuildFile; fileRef = 8A1E335222C5570B00B1E04B /* Dragger.swift */; };
		8A1E5A2522E5AE950059329C /* NumericKeyboard.swift in Sources */ = {isa = PBXBuildFile; fileRef = 8A1E5A2422E5AE950059329C /* NumericKeyboard.swift */; };
		8A1EE75622CB90CC00C742DF /* VisualEffectView.swift in Sources */ = {isa = PBXBuildFile; fileRef = 8A1EE75522CB90CC00C742DF /* VisualEffectView.swift */; };
		8A239AE8203580A1006BB38B /* Sunrise_FitCoreDataTests.swift in Sources */ = {isa = PBXBuildFile; fileRef = 8A239AE7203580A1006BB38B /* Sunrise_FitCoreDataTests.swift */; };
		8A2F52A72316969B00194C54 /* TrainingSetCell.swift in Sources */ = {isa = PBXBuildFile; fileRef = 8A2F52A62316969B00194C54 /* TrainingSetCell.swift */; };
		8A36F9E8231E932A0036E504 /* AddExercisesSheet.swift in Sources */ = {isa = PBXBuildFile; fileRef = 8A36F9E7231E932A0036E504 /* AddExercisesSheet.swift */; };
		8A36F9EA231EA62F0036E504 /* NotificationManager.swift in Sources */ = {isa = PBXBuildFile; fileRef = 8A36F9E9231EA62F0036E504 /* NotificationManager.swift */; };
		8A3815482301803A008ACDAD /* Refresher.swift in Sources */ = {isa = PBXBuildFile; fileRef = 8A3815472301803A008ACDAD /* Refresher.swift */; };
		8A38154A230181C9008ACDAD /* UserDefaults+RestTimer.swift in Sources */ = {isa = PBXBuildFile; fileRef = 8A381549230181C9008ACDAD /* UserDefaults+RestTimer.swift */; };
		8A38154E23019A3F008ACDAD /* RestTimerStore.swift in Sources */ = {isa = PBXBuildFile; fileRef = 8A38154D23019A3F008ACDAD /* RestTimerStore.swift */; };
		8A3815502301B865008ACDAD /* TrainingsLog.swift in Sources */ = {isa = PBXBuildFile; fileRef = 8A38154F2301B865008ACDAD /* TrainingsLog.swift */; };
		8A3C5F95218E29AC00467DA6 /* Chart+Style.swift in Sources */ = {isa = PBXBuildFile; fileRef = 8A3C5F94218E29AC00467DA6 /* Chart+Style.swift */; };
		8A3C5F97218E2E5500467DA6 /* StyledBarChartView.swift in Sources */ = {isa = PBXBuildFile; fileRef = 8A3C5F96218E2E5500467DA6 /* StyledBarChartView.swift */; };
		8A3C5F99218E3F4F00467DA6 /* UserDefaults+PinnedCharts.swift in Sources */ = {isa = PBXBuildFile; fileRef = 8A3C5F98218E3F4F00467DA6 /* UserDefaults+PinnedCharts.swift */; };
		8A3EB422204AFCF000E3A08B /* Array+sorted.swift in Sources */ = {isa = PBXBuildFile; fileRef = 8A3EB421204AFCF000E3A08B /* Array+sorted.swift */; };
		8A442AD7207A428500A2BDBD /* Date+Days.swift in Sources */ = {isa = PBXBuildFile; fileRef = 8A442AD6207A428500A2BDBD /* Date+Days.swift */; };
		8A56A47F22D7C93B0076E99A /* SettingsView.swift in Sources */ = {isa = PBXBuildFile; fileRef = 8A56A47E22D7C93B0076E99A /* SettingsView.swift */; };
		8A56A48122D7CDC60076E99A /* UserDefaults+Settings.swift in Sources */ = {isa = PBXBuildFile; fileRef = 8A56A48022D7CDC60076E99A /* UserDefaults+Settings.swift */; };
		8A59283022BD8B5C00BFD57E /* HistoryView.swift in Sources */ = {isa = PBXBuildFile; fileRef = 8A59282F22BD8B5C00BFD57E /* HistoryView.swift */; };
		8A59283222BE575300BFD57E /* MockTrainingsData.swift in Sources */ = {isa = PBXBuildFile; fileRef = 8A59283122BE575300BFD57E /* MockTrainingsData.swift */; };
		8A5989AB20D0212C00DB9104 /* UIFont+MonospacedDigit.swift in Sources */ = {isa = PBXBuildFile; fileRef = 8A5989AA20D0212C00DB9104 /* UIFont+MonospacedDigit.swift */; };
		8A5F9A11233B6B6D00C2F32A /* StoreObserver.swift in Sources */ = {isa = PBXBuildFile; fileRef = 8A5F9A10233B6B6D00C2F32A /* StoreObserver.swift */; };
		8A5F9A13233B6B7D00C2F32A /* StoreManager.swift in Sources */ = {isa = PBXBuildFile; fileRef = 8A5F9A12233B6B7D00C2F32A /* StoreManager.swift */; };
		8A5F9A15233B702600C2F32A /* IAPIdentifiers.swift in Sources */ = {isa = PBXBuildFile; fileRef = 8A5F9A14233B702600C2F32A /* IAPIdentifiers.swift */; };
		8A5F9A1F233BA6B100C2F32A /* ReceiptVerifier.swift in Sources */ = {isa = PBXBuildFile; fileRef = 8A5F9A1E233BA6B100C2F32A /* ReceiptVerifier.swift */; };
		8A5F9A23233BDEEB00C2F32A /* VerificationResponse.swift in Sources */ = {isa = PBXBuildFile; fileRef = 8A5F9A22233BDEEB00C2F32A /* VerificationResponse.swift */; };
		8A5F9A25233BF0F900C2F32A /* UserDefaults+IAP.swift in Sources */ = {isa = PBXBuildFile; fileRef = 8A5F9A24233BF0F900C2F32A /* UserDefaults+IAP.swift */; };
		8A63B3772329463A001BD7B5 /* TrainingView.swift in Sources */ = {isa = PBXBuildFile; fileRef = 8A63B3752329463A001BD7B5 /* TrainingView.swift */; };
		8A63B3782329463A001BD7B5 /* StartTrainingView.swift in Sources */ = {isa = PBXBuildFile; fileRef = 8A63B3762329463A001BD7B5 /* StartTrainingView.swift */; };
		8A63B37A2329467F001BD7B5 /* UIImage+Tinting.swift in Sources */ = {isa = PBXBuildFile; fileRef = 8A63B3792329467F001BD7B5 /* UIImage+Tinting.swift */; };
		8A63B37D23294694001BD7B5 /* NSManagedObjectContext+save.swift in Sources */ = {isa = PBXBuildFile; fileRef = 8A63B37B23294694001BD7B5 /* NSManagedObjectContext+save.swift */; };
		8A63B37E23294694001BD7B5 /* Exercise+Identifiable.swift in Sources */ = {isa = PBXBuildFile; fileRef = 8A63B37C23294694001BD7B5 /* Exercise+Identifiable.swift */; };
		8A63B381232946E0001BD7B5 /* ExerciseMultiSelectionView.swift in Sources */ = {isa = PBXBuildFile; fileRef = 8A63B37F232946E0001BD7B5 /* ExerciseMultiSelectionView.swift */; };
		8A63B382232946E0001BD7B5 /* ExerciseSingleSelectionView.swift in Sources */ = {isa = PBXBuildFile; fileRef = 8A63B380232946E0001BD7B5 /* ExerciseSingleSelectionView.swift */; };
		8A643E142147B8430044C3A1 /* BalloonMarker.swift in Sources */ = {isa = PBXBuildFile; fileRef = 8A643E132147B8430044C3A1 /* BalloonMarker.swift */; };
		8A643E1B21490C520044C3A1 /* StyledLineChartView.swift in Sources */ = {isa = PBXBuildFile; fileRef = 8A643E1A21490C520044C3A1 /* StyledLineChartView.swift */; };
		8A652C4222D0F6D300DBE10E /* AnimatedImageView.swift in Sources */ = {isa = PBXBuildFile; fileRef = 8A652C4122D0F6D300DBE10E /* AnimatedImageView.swift */; };
		8A652C4422D1032A00DBE10E /* ExerciseStatisticsView.swift in Sources */ = {isa = PBXBuildFile; fileRef = 8A652C4322D1032A00DBE10E /* ExerciseStatisticsView.swift */; };
		8A652C4622D1055600DBE10E /* LineChartView.swift in Sources */ = {isa = PBXBuildFile; fileRef = 8A652C4522D1055600DBE10E /* LineChartView.swift */; };
		8A652C4822D10C4900DBE10E /* BarChartView.swift in Sources */ = {isa = PBXBuildFile; fileRef = 8A652C4722D10C4900DBE10E /* BarChartView.swift */; };
		8A6B1A6722BE7FD10067DD41 /* _TextSizeDemo.swift in Sources */ = {isa = PBXBuildFile; fileRef = 8A6B1A6622BE7FD10067DD41 /* _TextSizeDemo.swift */; };
		8A6B1A6922BE8B210067DD41 /* TrainingDetailView.swift in Sources */ = {isa = PBXBuildFile; fileRef = 8A6B1A6822BE8B210067DD41 /* TrainingDetailView.swift */; };
		8A6B1A6B22BE8F9B0067DD41 /* TrainingDetailBannerView.swift in Sources */ = {isa = PBXBuildFile; fileRef = 8A6B1A6A22BE8F9B0067DD41 /* TrainingDetailBannerView.swift */; };
		8A6F1728233A6E5E0048A75B /* PurchaseView.swift in Sources */ = {isa = PBXBuildFile; fileRef = 8A6F1727233A6E5E0048A75B /* PurchaseView.swift */; };
		8A6F172B233A809D0048A75B /* StoreKit.framework in Frameworks */ = {isa = PBXBuildFile; fileRef = 8A6F172A233A809D0048A75B /* StoreKit.framework */; };
		8A70A73723041542000A3C76 /* TimerBannerView.swift in Sources */ = {isa = PBXBuildFile; fileRef = 8A70A73623041542000A3C76 /* TimerBannerView.swift */; };
		8A70A73923041637000A3C76 /* RestTimerView.swift in Sources */ = {isa = PBXBuildFile; fileRef = 8A70A73823041637000A3C76 /* RestTimerView.swift */; };
		8A74BEB822FC828A00AC33C5 /* NSManagedObjectContext+Publisher.swift in Sources */ = {isa = PBXBuildFile; fileRef = 8A74BEB722FC828A00AC33C5 /* NSManagedObjectContext+Publisher.swift */; };
		8A799F5F22BF868500DD5E1B /* TrainingExerciseDetailView.swift in Sources */ = {isa = PBXBuildFile; fileRef = 8A799F5E22BF868500DD5E1B /* TrainingExerciseDetailView.swift */; };
		8A799F6622BFD33F00DD5E1B /* BannerView.swift in Sources */ = {isa = PBXBuildFile; fileRef = 8A799F6522BFD33F00DD5E1B /* BannerView.swift */; };
		8A7D6E98200BF92E00AA0FA7 /* AppDelegate.swift in Sources */ = {isa = PBXBuildFile; fileRef = 8A7D6E97200BF92E00AA0FA7 /* AppDelegate.swift */; };
		8A7D6EA0200BF92E00AA0FA7 /* TrainingsData.xcdatamodeld in Sources */ = {isa = PBXBuildFile; fileRef = 8A7D6E9E200BF92E00AA0FA7 /* TrainingsData.xcdatamodeld */; };
		8A7D6EA2200BF92E00AA0FA7 /* Assets.xcassets in Resources */ = {isa = PBXBuildFile; fileRef = 8A7D6EA1200BF92E00AA0FA7 /* Assets.xcassets */; };
		8A7D6EA5200BF92E00AA0FA7 /* LaunchScreen.storyboard in Resources */ = {isa = PBXBuildFile; fileRef = 8A7D6EA3200BF92E00AA0FA7 /* LaunchScreen.storyboard */; };
		8A7D6EB0200BF92E00AA0FA7 /* Sunrise_FitTests.swift in Sources */ = {isa = PBXBuildFile; fileRef = 8A7D6EAF200BF92E00AA0FA7 /* Sunrise_FitTests.swift */; };
		8A7D6EBD200C156500AA0FA7 /* everkinetic-data in Resources */ = {isa = PBXBuildFile; fileRef = 8A7D6EBC200C156500AA0FA7 /* everkinetic-data */; };
		8A81CFB122E3B1CF00B11394 /* PinnedChart.swift in Sources */ = {isa = PBXBuildFile; fileRef = 8A81CFB022E3B1CF00B11394 /* PinnedChart.swift */; };
		8A81E85423328B270094BAAF /* CustomExercisesView.swift in Sources */ = {isa = PBXBuildFile; fileRef = 8AE0A79A233122AE0021EE23 /* CustomExercisesView.swift */; };
		8A81E85623328D610094BAAF /* PinnedChartsStore.swift in Sources */ = {isa = PBXBuildFile; fileRef = 8A81E85523328D610094BAAF /* PinnedChartsStore.swift */; };
		8A82AB9222DDDB7E007C0293 /* SettingsStore.swift in Sources */ = {isa = PBXBuildFile; fileRef = 8A82AB9122DDDB7E007C0293 /* SettingsStore.swift */; };
		8A82AB9422DDE582007C0293 /* WeightUnit.swift in Sources */ = {isa = PBXBuildFile; fileRef = 8A82AB9322DDE582007C0293 /* WeightUnit.swift */; };
		8A9BC5BA22BBACCB006CAA0F /* ExerciseChartView.swift in Sources */ = {isa = PBXBuildFile; fileRef = 8A9BC5B922BBACCB006CAA0F /* ExerciseChartView.swift */; };
		8A9BC5BC22BBAE3C006CAA0F /* ExerciseChartViewCell.swift in Sources */ = {isa = PBXBuildFile; fileRef = 8A9BC5BB22BBAE3C006CAA0F /* ExerciseChartViewCell.swift */; };
		8A9E4F7C23142FAC0038ACC5 /* Color+SwiftUI.swift in Sources */ = {isa = PBXBuildFile; fileRef = 8A9E4F7B23142FAC0038ACC5 /* Color+SwiftUI.swift */; };
		8A9E4F7E231436260038ACC5 /* String+Enquote.swift in Sources */ = {isa = PBXBuildFile; fileRef = 8A9E4F7D231436260038ACC5 /* String+Enquote.swift */; };
		8AA02615230AF74C00324853 /* ActivityChartView.swift in Sources */ = {isa = PBXBuildFile; fileRef = 8AA02614230AF74C00324853 /* ActivityChartView.swift */; };
		8AA57E5F22C3EE2E00B9AC79 /* Training+SwiftUI.swift in Sources */ = {isa = PBXBuildFile; fileRef = 8AA57E5E22C3EE2E00B9AC79 /* Training+SwiftUI.swift */; };
		8AA99C3722CE300700E0B6B9 /* ExercisesView.swift in Sources */ = {isa = PBXBuildFile; fileRef = 8AA99C3622CE300700E0B6B9 /* ExercisesView.swift */; };
		8AA99C3922CE347000E0B6B9 /* MuscleGroupSectionedExercisesView.swift in Sources */ = {isa = PBXBuildFile; fileRef = 8AA99C3822CE347000E0B6B9 /* MuscleGroupSectionedExercisesView.swift */; };
		8AA99C3B22CE39B900E0B6B9 /* ExerciseDetailView.swift in Sources */ = {isa = PBXBuildFile; fileRef = 8AA99C3A22CE39B900E0B6B9 /* ExerciseDetailView.swift */; };
		8AB14BA622C4FD250025D835 /* TrainingExerciseDetailBannerView.swift in Sources */ = {isa = PBXBuildFile; fileRef = 8AB14BA522C4FD250025D835 /* TrainingExerciseDetailBannerView.swift */; };
		8AB14BA822C500070025D835 /* TrainingExercise+SwiftUI.swift in Sources */ = {isa = PBXBuildFile; fileRef = 8AB14BA722C500070025D835 /* TrainingExercise+SwiftUI.swift */; };
		8AB14BAA22C500430025D835 /* Exercise+SwiftUI.swift in Sources */ = {isa = PBXBuildFile; fileRef = 8AB14BA922C500430025D835 /* Exercise+SwiftUI.swift */; };
		8AB4F7EF234217290074B88E /* ActivityDemoChartView.swift in Sources */ = {isa = PBXBuildFile; fileRef = 8AB4F7EE2342166D0074B88E /* ActivityDemoChartView.swift */; };
		8AB4F7F123421D960074B88E /* ExerciseDemoChartView.swift in Sources */ = {isa = PBXBuildFile; fileRef = 8AB4F7F023421D960074B88E /* ExerciseDemoChartView.swift */; };
		8AB4F7F5234244C50074B88E /* PlaceholderModifier.swift in Sources */ = {isa = PBXBuildFile; fileRef = 8AB4F7F4234244C50074B88E /* PlaceholderModifier.swift */; };
		8AB8A5952034C097004366F2 /* Training.swift in Sources */ = {isa = PBXBuildFile; fileRef = 8AB8A5942034C097004366F2 /* Training.swift */; };
		8AB8A5972034C0AF004366F2 /* TrainingExercise.swift in Sources */ = {isa = PBXBuildFile; fileRef = 8AB8A5962034C0AF004366F2 /* TrainingExercise.swift */; };
		8AB8A5992034C0BA004366F2 /* TrainingSet.swift in Sources */ = {isa = PBXBuildFile; fileRef = 8AB8A5982034C0BA004366F2 /* TrainingSet.swift */; };
		8AB972F7203583E40099507B /* CoreDataHelper.swift in Sources */ = {isa = PBXBuildFile; fileRef = 8AB972F6203583E40099507B /* CoreDataHelper.swift */; };
		8ABB4C6622CE05DD0075CCE6 /* ExerciseMuscleGroupsView.swift in Sources */ = {isa = PBXBuildFile; fileRef = 8ABB4C6522CE05DD0075CCE6 /* ExerciseMuscleGroupsView.swift */; };
		8AC2B323200D2C8000DC68BE /* Exercise.swift in Sources */ = {isa = PBXBuildFile; fileRef = 8AC2B322200D2C8000DC68BE /* Exercise.swift */; };
		8AC4C9D223254A7E008E474A /* quotes in Resources */ = {isa = PBXBuildFile; fileRef = 8AC4C9D123254A7E008E474A /* quotes */; };
		8AC503292340E732006D1BC6 /* PurchaseSheet.swift in Sources */ = {isa = PBXBuildFile; fileRef = 8AC503282340E732006D1BC6 /* PurchaseSheet.swift */; };
		8AC5032B2340FE8A006D1BC6 /* UnlockProOverlay.swift in Sources */ = {isa = PBXBuildFile; fileRef = 8AC5032A2340FE8A006D1BC6 /* UnlockProOverlay.swift */; };
		8AC8063922BABC8C00086032 /* SceneDelegate.swift in Sources */ = {isa = PBXBuildFile; fileRef = 8AC8063822BABC8C00086032 /* SceneDelegate.swift */; };
		8AC8063B22BABCAA00086032 /* ContentView.swift in Sources */ = {isa = PBXBuildFile; fileRef = 8AC8063A22BABCAA00086032 /* ContentView.swift */; };
		8AC8063D22BAC54200086032 /* FeedView.swift in Sources */ = {isa = PBXBuildFile; fileRef = 8AC8063C22BAC54200086032 /* FeedView.swift */; };
		8AC8064122BACECF00086032 /* FeedBannerView.swift in Sources */ = {isa = PBXBuildFile; fileRef = 8AC8064022BACECE00086032 /* FeedBannerView.swift */; };
		8AC8064422BADC1B00086032 /* ActivityChartViewCell.swift in Sources */ = {isa = PBXBuildFile; fileRef = 8AC8064322BADC1B00086032 /* ActivityChartViewCell.swift */; };
		8ACBE80D231A69940027D3A8 /* ValueHolder.swift in Sources */ = {isa = PBXBuildFile; fileRef = 8ACBE80C231A69940027D3A8 /* ValueHolder.swift */; };
		8AD40834202FC71B00A73E05 /* Array+uniq.swift in Sources */ = {isa = PBXBuildFile; fileRef = 8AD40833202FC71B00A73E05 /* Array+uniq.swift */; };
		8AD85553232907B300493BAF /* DateComponentsFormatter+OptionalDuration.swift in Sources */ = {isa = PBXBuildFile; fileRef = 8AD85552232907B300493BAF /* DateComponentsFormatter+OptionalDuration.swift */; };
		8AD90A19233D1E2000328D96 /* EntitlementStore.swift in Sources */ = {isa = PBXBuildFile; fileRef = 8AD90A18233D1E2000328D96 /* EntitlementStore.swift */; };
		8ADC6AF8230ADA25008B5636 /* StackedBarChartView.swift in Sources */ = {isa = PBXBuildFile; fileRef = 8ADC6AF7230ADA25008B5636 /* StackedBarChartView.swift */; };
		8AE07AAC2325453600FDB2A0 /* Quotes.swift in Sources */ = {isa = PBXBuildFile; fileRef = 8AE07AAB2325453600FDB2A0 /* Quotes.swift */; };
		8AE0A7972330FF100021EE23 /* ExportImportSettingsView.swift in Sources */ = {isa = PBXBuildFile; fileRef = 8AE0A7962330FF100021EE23 /* ExportImportSettingsView.swift */; };
		8AE0A799233119C40021EE23 /* EditCustomExerciseView.swift in Sources */ = {isa = PBXBuildFile; fileRef = 8AE0A798233119C40021EE23 /* EditCustomExerciseView.swift */; };
		8AE0A79E233128280021EE23 /* Quote.swift in Sources */ = {isa = PBXBuildFile; fileRef = 8AE0A79D233128280021EE23 /* Quote.swift */; };
		8AE0A7A2233128DE0021EE23 /* ExerciseStore.swift in Sources */ = {isa = PBXBuildFile; fileRef = 8AE0A7A1233128DE0021EE23 /* ExerciseStore.swift */; };
		8AE0FC81233918F500B234F9 /* CreateCustomExerciseSheet.swift in Sources */ = {isa = PBXBuildFile; fileRef = 8AE0FC80233918F500B234F9 /* CreateCustomExerciseSheet.swift */; };
		8AE0FC832339190100B234F9 /* EditCustomExerciseSheet.swift in Sources */ = {isa = PBXBuildFile; fileRef = 8AE0FC822339190100B234F9 /* EditCustomExerciseSheet.swift */; };
		8AE132D6231BED920061C600 /* SearchField.swift in Sources */ = {isa = PBXBuildFile; fileRef = 8AE132D5231BED920061C600 /* SearchField.swift */; };
		8AE2844722D1196C006D3295 /* ExerciseHistoryView.swift in Sources */ = {isa = PBXBuildFile; fileRef = 8AE2844622D1196C006D3295 /* ExerciseHistoryView.swift */; };
		8AF4C536230EEE0A003A84DC /* TrainingSetTag.swift in Sources */ = {isa = PBXBuildFile; fileRef = 8AF4C535230EEE0A003A84DC /* TrainingSetTag.swift */; };
		8AF4C538230EEE51003A84DC /* TrainingSetTag+SwiftUI.swift in Sources */ = {isa = PBXBuildFile; fileRef = 8AF4C537230EEE51003A84DC /* TrainingSetTag+SwiftUI.swift */; };
		8AF4C53A230EFB5F003A84DC /* RPE.swift in Sources */ = {isa = PBXBuildFile; fileRef = 8AF4C539230EFB5F003A84DC /* RPE.swift */; };
		8AF8919423212C290024B2EF /* Comparable+Clamped.swift in Sources */ = {isa = PBXBuildFile; fileRef = 8AF8919323212C290024B2EF /* Comparable+Clamped.swift */; };
		8AF8919623215FEE0024B2EF /* IndexSet+Identifiable.swift in Sources */ = {isa = PBXBuildFile; fileRef = 8AF8919523215FEE0024B2EF /* IndexSet+Identifiable.swift */; };
		8AF92550232FD47A00C6977D /* ExerciseGroupFilter.swift in Sources */ = {isa = PBXBuildFile; fileRef = 8AF9254F232FD47A00C6977D /* ExerciseGroupFilter.swift */; };
		8AF92552232FD49600C6977D /* ExerciseFilter.swift in Sources */ = {isa = PBXBuildFile; fileRef = 8AF92551232FD49600C6977D /* ExerciseFilter.swift */; };
		8AFE11B0232CDDF6000E9393 /* EditCurrentTrainingTimeView.swift in Sources */ = {isa = PBXBuildFile; fileRef = 8AFE11AF232CDDF6000E9393 /* EditCurrentTrainingTimeView.swift */; };
		8AFE11B2232CE7CF000E9393 /* View+TypeErased.swift in Sources */ = {isa = PBXBuildFile; fileRef = 8AFE11B1232CE7CF000E9393 /* View+TypeErased.swift */; };
		8AFE11B4232CF2E2000E9393 /* SheetBar.swift in Sources */ = {isa = PBXBuildFile; fileRef = 8AFE11B3232CF2E2000E9393 /* SheetBar.swift */; };
		8AFF0D842302C60000F762A2 /* TrainingsDataHelper.swift in Sources */ = {isa = PBXBuildFile; fileRef = 8AFF0D832302C60000F762A2 /* TrainingsDataHelper.swift */; };
		8AFF0D882303062400F762A2 /* Benchmark.swift in Sources */ = {isa = PBXBuildFile; fileRef = 8A16BBD822E337A0002150F0 /* Benchmark.swift */; };
		8AFF0D8A23032DC700F762A2 /* DateFormatter+OptionalDate.swift in Sources */ = {isa = PBXBuildFile; fileRef = 8AFF0D8923032DC700F762A2 /* DateFormatter+OptionalDate.swift */; };
/* End PBXBuildFile section */

/* Begin PBXContainerItemProxy section */
		8A7D6EAC200BF92E00AA0FA7 /* PBXContainerItemProxy */ = {
			isa = PBXContainerItemProxy;
			containerPortal = 8A7D6E8C200BF92E00AA0FA7 /* Project object */;
			proxyType = 1;
			remoteGlobalIDString = 8A7D6E93200BF92E00AA0FA7;
			remoteInfo = "Rhino Fit";
		};
/* End PBXContainerItemProxy section */

/* Begin PBXFileReference section */
		8A0ADC3023294EAD00081F4B /* UITabView.swift */ = {isa = PBXFileReference; lastKnownFileType = sourcecode.swift; path = UITabView.swift; sourceTree = "<group>"; };
		8A0ADC32232964E700081F4B /* TrainingTab.swift */ = {isa = PBXFileReference; lastKnownFileType = sourcecode.swift; path = TrainingTab.swift; sourceTree = "<group>"; };
		8A16BBD822E337A0002150F0 /* Benchmark.swift */ = {isa = PBXFileReference; lastKnownFileType = sourcecode.swift; path = Benchmark.swift; sourceTree = "<group>"; };
		8A1916B8214E6BC000D96E9E /* TrainingExerciseChartDataGenerator.swift */ = {isa = PBXFileReference; lastKnownFileType = sourcecode.swift; path = TrainingExerciseChartDataGenerator.swift; sourceTree = "<group>"; };
		8A1C7F8A233DE54700B66E93 /* ReceiptFetcher.swift */ = {isa = PBXFileReference; lastKnownFileType = sourcecode.swift; path = ReceiptFetcher.swift; sourceTree = "<group>"; };
		8A1D989722C7C6AC0071225D /* TrainingSetEditor.swift */ = {isa = PBXFileReference; lastKnownFileType = sourcecode.swift; path = TrainingSetEditor.swift; sourceTree = "<group>"; };
		8A1E335222C5570B00B1E04B /* Dragger.swift */ = {isa = PBXFileReference; lastKnownFileType = sourcecode.swift; path = Dragger.swift; sourceTree = "<group>"; };
		8A1E5A2422E5AE950059329C /* NumericKeyboard.swift */ = {isa = PBXFileReference; lastKnownFileType = sourcecode.swift; path = NumericKeyboard.swift; sourceTree = "<group>"; };
		8A1EE75522CB90CC00C742DF /* VisualEffectView.swift */ = {isa = PBXFileReference; lastKnownFileType = sourcecode.swift; path = VisualEffectView.swift; sourceTree = "<group>"; };
		8A239AE7203580A1006BB38B /* Sunrise_FitCoreDataTests.swift */ = {isa = PBXFileReference; lastKnownFileType = sourcecode.swift; path = Sunrise_FitCoreDataTests.swift; sourceTree = "<group>"; };
		8A2F52A62316969B00194C54 /* TrainingSetCell.swift */ = {isa = PBXFileReference; lastKnownFileType = sourcecode.swift; path = TrainingSetCell.swift; sourceTree = "<group>"; };
		8A36F9E7231E932A0036E504 /* AddExercisesSheet.swift */ = {isa = PBXFileReference; lastKnownFileType = sourcecode.swift; path = AddExercisesSheet.swift; sourceTree = "<group>"; };
		8A36F9E9231EA62F0036E504 /* NotificationManager.swift */ = {isa = PBXFileReference; lastKnownFileType = sourcecode.swift; path = NotificationManager.swift; sourceTree = "<group>"; };
		8A3815472301803A008ACDAD /* Refresher.swift */ = {isa = PBXFileReference; lastKnownFileType = sourcecode.swift; path = Refresher.swift; sourceTree = "<group>"; };
		8A381549230181C9008ACDAD /* UserDefaults+RestTimer.swift */ = {isa = PBXFileReference; lastKnownFileType = sourcecode.swift; path = "UserDefaults+RestTimer.swift"; sourceTree = "<group>"; };
		8A38154D23019A3F008ACDAD /* RestTimerStore.swift */ = {isa = PBXFileReference; lastKnownFileType = sourcecode.swift; path = RestTimerStore.swift; sourceTree = "<group>"; };
		8A38154F2301B865008ACDAD /* TrainingsLog.swift */ = {isa = PBXFileReference; lastKnownFileType = sourcecode.swift; path = TrainingsLog.swift; sourceTree = "<group>"; };
		8A3C5F94218E29AC00467DA6 /* Chart+Style.swift */ = {isa = PBXFileReference; lastKnownFileType = sourcecode.swift; path = "Chart+Style.swift"; sourceTree = "<group>"; };
		8A3C5F96218E2E5500467DA6 /* StyledBarChartView.swift */ = {isa = PBXFileReference; lastKnownFileType = sourcecode.swift; path = StyledBarChartView.swift; sourceTree = "<group>"; };
		8A3C5F98218E3F4F00467DA6 /* UserDefaults+PinnedCharts.swift */ = {isa = PBXFileReference; lastKnownFileType = sourcecode.swift; path = "UserDefaults+PinnedCharts.swift"; sourceTree = "<group>"; };
		8A3EB421204AFCF000E3A08B /* Array+sorted.swift */ = {isa = PBXFileReference; lastKnownFileType = sourcecode.swift; path = "Array+sorted.swift"; sourceTree = "<group>"; };
		8A442AD6207A428500A2BDBD /* Date+Days.swift */ = {isa = PBXFileReference; lastKnownFileType = sourcecode.swift; path = "Date+Days.swift"; sourceTree = "<group>"; };
		8A56A47E22D7C93B0076E99A /* SettingsView.swift */ = {isa = PBXFileReference; lastKnownFileType = sourcecode.swift; path = SettingsView.swift; sourceTree = "<group>"; };
		8A56A48022D7CDC60076E99A /* UserDefaults+Settings.swift */ = {isa = PBXFileReference; lastKnownFileType = sourcecode.swift; path = "UserDefaults+Settings.swift"; sourceTree = "<group>"; };
		8A59282F22BD8B5C00BFD57E /* HistoryView.swift */ = {isa = PBXFileReference; lastKnownFileType = sourcecode.swift; path = HistoryView.swift; sourceTree = "<group>"; };
		8A59283122BE575300BFD57E /* MockTrainingsData.swift */ = {isa = PBXFileReference; lastKnownFileType = sourcecode.swift; path = MockTrainingsData.swift; sourceTree = "<group>"; };
		8A5989AA20D0212C00DB9104 /* UIFont+MonospacedDigit.swift */ = {isa = PBXFileReference; lastKnownFileType = sourcecode.swift; path = "UIFont+MonospacedDigit.swift"; sourceTree = "<group>"; };
		8A5F9A10233B6B6D00C2F32A /* StoreObserver.swift */ = {isa = PBXFileReference; lastKnownFileType = sourcecode.swift; path = StoreObserver.swift; sourceTree = "<group>"; };
		8A5F9A12233B6B7D00C2F32A /* StoreManager.swift */ = {isa = PBXFileReference; lastKnownFileType = sourcecode.swift; path = StoreManager.swift; sourceTree = "<group>"; };
		8A5F9A14233B702600C2F32A /* IAPIdentifiers.swift */ = {isa = PBXFileReference; lastKnownFileType = sourcecode.swift; path = IAPIdentifiers.swift; sourceTree = "<group>"; };
		8A5F9A1E233BA6B100C2F32A /* ReceiptVerifier.swift */ = {isa = PBXFileReference; lastKnownFileType = sourcecode.swift; path = ReceiptVerifier.swift; sourceTree = "<group>"; };
		8A5F9A22233BDEEB00C2F32A /* VerificationResponse.swift */ = {isa = PBXFileReference; lastKnownFileType = sourcecode.swift; path = VerificationResponse.swift; sourceTree = "<group>"; };
		8A5F9A24233BF0F900C2F32A /* UserDefaults+IAP.swift */ = {isa = PBXFileReference; lastKnownFileType = sourcecode.swift; path = "UserDefaults+IAP.swift"; sourceTree = "<group>"; };
		8A63B3752329463A001BD7B5 /* TrainingView.swift */ = {isa = PBXFileReference; fileEncoding = 4; lastKnownFileType = sourcecode.swift; path = TrainingView.swift; sourceTree = "<group>"; };
		8A63B3762329463A001BD7B5 /* StartTrainingView.swift */ = {isa = PBXFileReference; fileEncoding = 4; lastKnownFileType = sourcecode.swift; path = StartTrainingView.swift; sourceTree = "<group>"; };
		8A63B3792329467F001BD7B5 /* UIImage+Tinting.swift */ = {isa = PBXFileReference; fileEncoding = 4; lastKnownFileType = sourcecode.swift; path = "UIImage+Tinting.swift"; sourceTree = "<group>"; };
		8A63B37B23294694001BD7B5 /* NSManagedObjectContext+save.swift */ = {isa = PBXFileReference; fileEncoding = 4; lastKnownFileType = sourcecode.swift; path = "NSManagedObjectContext+save.swift"; sourceTree = "<group>"; };
		8A63B37C23294694001BD7B5 /* Exercise+Identifiable.swift */ = {isa = PBXFileReference; fileEncoding = 4; lastKnownFileType = sourcecode.swift; path = "Exercise+Identifiable.swift"; sourceTree = "<group>"; };
		8A63B37F232946E0001BD7B5 /* ExerciseMultiSelectionView.swift */ = {isa = PBXFileReference; fileEncoding = 4; lastKnownFileType = sourcecode.swift; path = ExerciseMultiSelectionView.swift; sourceTree = "<group>"; };
		8A63B380232946E0001BD7B5 /* ExerciseSingleSelectionView.swift */ = {isa = PBXFileReference; fileEncoding = 4; lastKnownFileType = sourcecode.swift; path = ExerciseSingleSelectionView.swift; sourceTree = "<group>"; };
		8A643E132147B8430044C3A1 /* BalloonMarker.swift */ = {isa = PBXFileReference; lastKnownFileType = sourcecode.swift; path = BalloonMarker.swift; sourceTree = "<group>"; };
		8A643E1A21490C520044C3A1 /* StyledLineChartView.swift */ = {isa = PBXFileReference; lastKnownFileType = sourcecode.swift; path = StyledLineChartView.swift; sourceTree = "<group>"; };
		8A652C4122D0F6D300DBE10E /* AnimatedImageView.swift */ = {isa = PBXFileReference; lastKnownFileType = sourcecode.swift; path = AnimatedImageView.swift; sourceTree = "<group>"; };
		8A652C4322D1032A00DBE10E /* ExerciseStatisticsView.swift */ = {isa = PBXFileReference; lastKnownFileType = sourcecode.swift; path = ExerciseStatisticsView.swift; sourceTree = "<group>"; };
		8A652C4522D1055600DBE10E /* LineChartView.swift */ = {isa = PBXFileReference; lastKnownFileType = sourcecode.swift; path = LineChartView.swift; sourceTree = "<group>"; };
		8A652C4722D10C4900DBE10E /* BarChartView.swift */ = {isa = PBXFileReference; lastKnownFileType = sourcecode.swift; path = BarChartView.swift; sourceTree = "<group>"; };
		8A6B1A6622BE7FD10067DD41 /* _TextSizeDemo.swift */ = {isa = PBXFileReference; lastKnownFileType = sourcecode.swift; path = _TextSizeDemo.swift; sourceTree = "<group>"; };
		8A6B1A6822BE8B210067DD41 /* TrainingDetailView.swift */ = {isa = PBXFileReference; lastKnownFileType = sourcecode.swift; path = TrainingDetailView.swift; sourceTree = "<group>"; };
		8A6B1A6A22BE8F9B0067DD41 /* TrainingDetailBannerView.swift */ = {isa = PBXFileReference; lastKnownFileType = sourcecode.swift; path = TrainingDetailBannerView.swift; sourceTree = "<group>"; };
		8A6F1727233A6E5E0048A75B /* PurchaseView.swift */ = {isa = PBXFileReference; lastKnownFileType = sourcecode.swift; path = PurchaseView.swift; sourceTree = "<group>"; };
		8A6F172A233A809D0048A75B /* StoreKit.framework */ = {isa = PBXFileReference; lastKnownFileType = wrapper.framework; name = StoreKit.framework; path = System/Library/Frameworks/StoreKit.framework; sourceTree = SDKROOT; };
		8A70A73623041542000A3C76 /* TimerBannerView.swift */ = {isa = PBXFileReference; lastKnownFileType = sourcecode.swift; path = TimerBannerView.swift; sourceTree = "<group>"; };
		8A70A73823041637000A3C76 /* RestTimerView.swift */ = {isa = PBXFileReference; lastKnownFileType = sourcecode.swift; path = RestTimerView.swift; sourceTree = "<group>"; };
		8A74BEB722FC828A00AC33C5 /* NSManagedObjectContext+Publisher.swift */ = {isa = PBXFileReference; lastKnownFileType = sourcecode.swift; path = "NSManagedObjectContext+Publisher.swift"; sourceTree = "<group>"; };
		8A799F5E22BF868500DD5E1B /* TrainingExerciseDetailView.swift */ = {isa = PBXFileReference; lastKnownFileType = sourcecode.swift; path = TrainingExerciseDetailView.swift; sourceTree = "<group>"; };
		8A799F6522BFD33F00DD5E1B /* BannerView.swift */ = {isa = PBXFileReference; lastKnownFileType = sourcecode.swift; path = BannerView.swift; sourceTree = "<group>"; };
		8A7D6E94200BF92E00AA0FA7 /* Iron.app */ = {isa = PBXFileReference; explicitFileType = wrapper.application; includeInIndex = 0; path = Iron.app; sourceTree = BUILT_PRODUCTS_DIR; };
		8A7D6E97200BF92E00AA0FA7 /* AppDelegate.swift */ = {isa = PBXFileReference; lastKnownFileType = sourcecode.swift; path = AppDelegate.swift; sourceTree = "<group>"; };
		8A7D6E9F200BF92E00AA0FA7 /* TrainingsData.xcdatamodel */ = {isa = PBXFileReference; lastKnownFileType = wrapper.xcdatamodel; path = TrainingsData.xcdatamodel; sourceTree = "<group>"; };
		8A7D6EA1200BF92E00AA0FA7 /* Assets.xcassets */ = {isa = PBXFileReference; lastKnownFileType = folder.assetcatalog; path = Assets.xcassets; sourceTree = "<group>"; };
		8A7D6EA4200BF92E00AA0FA7 /* Base */ = {isa = PBXFileReference; lastKnownFileType = file.storyboard; name = Base; path = Base.lproj/LaunchScreen.storyboard; sourceTree = "<group>"; };
		8A7D6EA6200BF92E00AA0FA7 /* Info.plist */ = {isa = PBXFileReference; lastKnownFileType = text.plist.xml; path = Info.plist; sourceTree = "<group>"; };
		8A7D6EAB200BF92E00AA0FA7 /* IronTests.xctest */ = {isa = PBXFileReference; explicitFileType = wrapper.cfbundle; includeInIndex = 0; path = IronTests.xctest; sourceTree = BUILT_PRODUCTS_DIR; };
		8A7D6EAF200BF92E00AA0FA7 /* Sunrise_FitTests.swift */ = {isa = PBXFileReference; lastKnownFileType = sourcecode.swift; path = Sunrise_FitTests.swift; sourceTree = "<group>"; };
		8A7D6EB1200BF92E00AA0FA7 /* Info.plist */ = {isa = PBXFileReference; lastKnownFileType = text.plist.xml; path = Info.plist; sourceTree = "<group>"; };
		8A7D6EBC200C156500AA0FA7 /* everkinetic-data */ = {isa = PBXFileReference; lastKnownFileType = folder; path = "everkinetic-data"; sourceTree = "<group>"; };
		8A81CFB022E3B1CF00B11394 /* PinnedChart.swift */ = {isa = PBXFileReference; lastKnownFileType = sourcecode.swift; path = PinnedChart.swift; sourceTree = "<group>"; };
		8A81E85523328D610094BAAF /* PinnedChartsStore.swift */ = {isa = PBXFileReference; lastKnownFileType = sourcecode.swift; path = PinnedChartsStore.swift; sourceTree = "<group>"; };
		8A82AB9122DDDB7E007C0293 /* SettingsStore.swift */ = {isa = PBXFileReference; lastKnownFileType = sourcecode.swift; path = SettingsStore.swift; sourceTree = "<group>"; };
		8A82AB9322DDE582007C0293 /* WeightUnit.swift */ = {isa = PBXFileReference; lastKnownFileType = sourcecode.swift; path = WeightUnit.swift; sourceTree = "<group>"; };
		8A9BC5B922BBACCB006CAA0F /* ExerciseChartView.swift */ = {isa = PBXFileReference; lastKnownFileType = sourcecode.swift; path = ExerciseChartView.swift; sourceTree = "<group>"; };
		8A9BC5BB22BBAE3C006CAA0F /* ExerciseChartViewCell.swift */ = {isa = PBXFileReference; lastKnownFileType = sourcecode.swift; path = ExerciseChartViewCell.swift; sourceTree = "<group>"; };
		8A9E4F7B23142FAC0038ACC5 /* Color+SwiftUI.swift */ = {isa = PBXFileReference; lastKnownFileType = sourcecode.swift; path = "Color+SwiftUI.swift"; sourceTree = "<group>"; };
		8A9E4F7D231436260038ACC5 /* String+Enquote.swift */ = {isa = PBXFileReference; lastKnownFileType = sourcecode.swift; path = "String+Enquote.swift"; sourceTree = "<group>"; };
		8AA02614230AF74C00324853 /* ActivityChartView.swift */ = {isa = PBXFileReference; lastKnownFileType = sourcecode.swift; path = ActivityChartView.swift; sourceTree = "<group>"; };
		8AA57E5E22C3EE2E00B9AC79 /* Training+SwiftUI.swift */ = {isa = PBXFileReference; lastKnownFileType = sourcecode.swift; path = "Training+SwiftUI.swift"; sourceTree = "<group>"; };
		8AA99C3622CE300700E0B6B9 /* ExercisesView.swift */ = {isa = PBXFileReference; lastKnownFileType = sourcecode.swift; path = ExercisesView.swift; sourceTree = "<group>"; };
		8AA99C3822CE347000E0B6B9 /* MuscleGroupSectionedExercisesView.swift */ = {isa = PBXFileReference; lastKnownFileType = sourcecode.swift; path = MuscleGroupSectionedExercisesView.swift; sourceTree = "<group>"; };
		8AA99C3A22CE39B900E0B6B9 /* ExerciseDetailView.swift */ = {isa = PBXFileReference; lastKnownFileType = sourcecode.swift; path = ExerciseDetailView.swift; sourceTree = "<group>"; };
		8AB14BA522C4FD250025D835 /* TrainingExerciseDetailBannerView.swift */ = {isa = PBXFileReference; lastKnownFileType = sourcecode.swift; path = TrainingExerciseDetailBannerView.swift; sourceTree = "<group>"; };
		8AB14BA722C500070025D835 /* TrainingExercise+SwiftUI.swift */ = {isa = PBXFileReference; lastKnownFileType = sourcecode.swift; path = "TrainingExercise+SwiftUI.swift"; sourceTree = "<group>"; };
		8AB14BA922C500430025D835 /* Exercise+SwiftUI.swift */ = {isa = PBXFileReference; lastKnownFileType = sourcecode.swift; path = "Exercise+SwiftUI.swift"; sourceTree = "<group>"; };
		8AB4F7EE2342166D0074B88E /* ActivityDemoChartView.swift */ = {isa = PBXFileReference; lastKnownFileType = sourcecode.swift; path = ActivityDemoChartView.swift; sourceTree = "<group>"; };
		8AB4F7F023421D960074B88E /* ExerciseDemoChartView.swift */ = {isa = PBXFileReference; lastKnownFileType = sourcecode.swift; path = ExerciseDemoChartView.swift; sourceTree = "<group>"; };
		8AB4F7F4234244C50074B88E /* PlaceholderModifier.swift */ = {isa = PBXFileReference; lastKnownFileType = sourcecode.swift; path = PlaceholderModifier.swift; sourceTree = "<group>"; };
		8AB8A5942034C097004366F2 /* Training.swift */ = {isa = PBXFileReference; lastKnownFileType = sourcecode.swift; path = Training.swift; sourceTree = "<group>"; };
		8AB8A5962034C0AF004366F2 /* TrainingExercise.swift */ = {isa = PBXFileReference; lastKnownFileType = sourcecode.swift; path = TrainingExercise.swift; sourceTree = "<group>"; };
		8AB8A5982034C0BA004366F2 /* TrainingSet.swift */ = {isa = PBXFileReference; lastKnownFileType = sourcecode.swift; path = TrainingSet.swift; sourceTree = "<group>"; };
		8AB972F6203583E40099507B /* CoreDataHelper.swift */ = {isa = PBXFileReference; lastKnownFileType = sourcecode.swift; path = CoreDataHelper.swift; sourceTree = "<group>"; };
		8ABB4C6522CE05DD0075CCE6 /* ExerciseMuscleGroupsView.swift */ = {isa = PBXFileReference; lastKnownFileType = sourcecode.swift; path = ExerciseMuscleGroupsView.swift; sourceTree = "<group>"; };
		8AC2B322200D2C8000DC68BE /* Exercise.swift */ = {isa = PBXFileReference; lastKnownFileType = sourcecode.swift; path = Exercise.swift; sourceTree = "<group>"; };
		8AC4C9D123254A7E008E474A /* quotes */ = {isa = PBXFileReference; lastKnownFileType = folder; path = quotes; sourceTree = "<group>"; };
		8AC503282340E732006D1BC6 /* PurchaseSheet.swift */ = {isa = PBXFileReference; lastKnownFileType = sourcecode.swift; path = PurchaseSheet.swift; sourceTree = "<group>"; };
		8AC5032A2340FE8A006D1BC6 /* UnlockProOverlay.swift */ = {isa = PBXFileReference; lastKnownFileType = sourcecode.swift; path = UnlockProOverlay.swift; sourceTree = "<group>"; };
		8AC8063822BABC8C00086032 /* SceneDelegate.swift */ = {isa = PBXFileReference; fileEncoding = 4; lastKnownFileType = sourcecode.swift; path = SceneDelegate.swift; sourceTree = "<group>"; };
		8AC8063A22BABCAA00086032 /* ContentView.swift */ = {isa = PBXFileReference; fileEncoding = 4; lastKnownFileType = sourcecode.swift; path = ContentView.swift; sourceTree = "<group>"; };
		8AC8063C22BAC54200086032 /* FeedView.swift */ = {isa = PBXFileReference; lastKnownFileType = sourcecode.swift; path = FeedView.swift; sourceTree = "<group>"; };
		8AC8064022BACECE00086032 /* FeedBannerView.swift */ = {isa = PBXFileReference; lastKnownFileType = sourcecode.swift; path = FeedBannerView.swift; sourceTree = "<group>"; };
		8AC8064322BADC1B00086032 /* ActivityChartViewCell.swift */ = {isa = PBXFileReference; lastKnownFileType = sourcecode.swift; path = ActivityChartViewCell.swift; sourceTree = "<group>"; };
		8ACBE80C231A69940027D3A8 /* ValueHolder.swift */ = {isa = PBXFileReference; lastKnownFileType = sourcecode.swift; path = ValueHolder.swift; sourceTree = "<group>"; };
		8AD40833202FC71B00A73E05 /* Array+uniq.swift */ = {isa = PBXFileReference; lastKnownFileType = sourcecode.swift; path = "Array+uniq.swift"; sourceTree = "<group>"; };
		8AD85552232907B300493BAF /* DateComponentsFormatter+OptionalDuration.swift */ = {isa = PBXFileReference; lastKnownFileType = sourcecode.swift; path = "DateComponentsFormatter+OptionalDuration.swift"; sourceTree = "<group>"; };
		8AD90A18233D1E2000328D96 /* EntitlementStore.swift */ = {isa = PBXFileReference; lastKnownFileType = sourcecode.swift; path = EntitlementStore.swift; sourceTree = "<group>"; };
		8ADC6AF7230ADA25008B5636 /* StackedBarChartView.swift */ = {isa = PBXFileReference; lastKnownFileType = sourcecode.swift; path = StackedBarChartView.swift; sourceTree = "<group>"; };
		8AE07AAB2325453600FDB2A0 /* Quotes.swift */ = {isa = PBXFileReference; lastKnownFileType = sourcecode.swift; path = Quotes.swift; sourceTree = "<group>"; };
		8AE0A7962330FF100021EE23 /* ExportImportSettingsView.swift */ = {isa = PBXFileReference; lastKnownFileType = sourcecode.swift; path = ExportImportSettingsView.swift; sourceTree = "<group>"; };
		8AE0A798233119C40021EE23 /* EditCustomExerciseView.swift */ = {isa = PBXFileReference; lastKnownFileType = sourcecode.swift; path = EditCustomExerciseView.swift; sourceTree = "<group>"; };
		8AE0A79A233122AE0021EE23 /* CustomExercisesView.swift */ = {isa = PBXFileReference; lastKnownFileType = sourcecode.swift; path = CustomExercisesView.swift; sourceTree = "<group>"; };
		8AE0A79D233128280021EE23 /* Quote.swift */ = {isa = PBXFileReference; lastKnownFileType = sourcecode.swift; path = Quote.swift; sourceTree = "<group>"; };
		8AE0A7A1233128DE0021EE23 /* ExerciseStore.swift */ = {isa = PBXFileReference; lastKnownFileType = sourcecode.swift; path = ExerciseStore.swift; sourceTree = "<group>"; };
		8AE0FC80233918F500B234F9 /* CreateCustomExerciseSheet.swift */ = {isa = PBXFileReference; lastKnownFileType = sourcecode.swift; path = CreateCustomExerciseSheet.swift; sourceTree = "<group>"; };
		8AE0FC822339190100B234F9 /* EditCustomExerciseSheet.swift */ = {isa = PBXFileReference; lastKnownFileType = sourcecode.swift; path = EditCustomExerciseSheet.swift; sourceTree = "<group>"; };
		8AE132D5231BED920061C600 /* SearchField.swift */ = {isa = PBXFileReference; lastKnownFileType = sourcecode.swift; path = SearchField.swift; sourceTree = "<group>"; };
		8AE2844622D1196C006D3295 /* ExerciseHistoryView.swift */ = {isa = PBXFileReference; lastKnownFileType = sourcecode.swift; path = ExerciseHistoryView.swift; sourceTree = "<group>"; };
		8AF4C535230EEE0A003A84DC /* TrainingSetTag.swift */ = {isa = PBXFileReference; lastKnownFileType = sourcecode.swift; path = TrainingSetTag.swift; sourceTree = "<group>"; };
		8AF4C537230EEE51003A84DC /* TrainingSetTag+SwiftUI.swift */ = {isa = PBXFileReference; lastKnownFileType = sourcecode.swift; path = "TrainingSetTag+SwiftUI.swift"; sourceTree = "<group>"; };
		8AF4C539230EFB5F003A84DC /* RPE.swift */ = {isa = PBXFileReference; lastKnownFileType = sourcecode.swift; path = RPE.swift; sourceTree = "<group>"; };
		8AF8919323212C290024B2EF /* Comparable+Clamped.swift */ = {isa = PBXFileReference; lastKnownFileType = sourcecode.swift; path = "Comparable+Clamped.swift"; sourceTree = "<group>"; };
		8AF8919523215FEE0024B2EF /* IndexSet+Identifiable.swift */ = {isa = PBXFileReference; lastKnownFileType = sourcecode.swift; path = "IndexSet+Identifiable.swift"; sourceTree = "<group>"; };
		8AF9254F232FD47A00C6977D /* ExerciseGroupFilter.swift */ = {isa = PBXFileReference; lastKnownFileType = sourcecode.swift; path = ExerciseGroupFilter.swift; sourceTree = "<group>"; };
		8AF92551232FD49600C6977D /* ExerciseFilter.swift */ = {isa = PBXFileReference; lastKnownFileType = sourcecode.swift; path = ExerciseFilter.swift; sourceTree = "<group>"; };
		8AFE11AF232CDDF6000E9393 /* EditCurrentTrainingTimeView.swift */ = {isa = PBXFileReference; lastKnownFileType = sourcecode.swift; path = EditCurrentTrainingTimeView.swift; sourceTree = "<group>"; };
		8AFE11B1232CE7CF000E9393 /* View+TypeErased.swift */ = {isa = PBXFileReference; lastKnownFileType = sourcecode.swift; path = "View+TypeErased.swift"; sourceTree = "<group>"; };
		8AFE11B3232CF2E2000E9393 /* SheetBar.swift */ = {isa = PBXFileReference; lastKnownFileType = sourcecode.swift; path = SheetBar.swift; sourceTree = "<group>"; };
		8AFF0D832302C60000F762A2 /* TrainingsDataHelper.swift */ = {isa = PBXFileReference; lastKnownFileType = sourcecode.swift; path = TrainingsDataHelper.swift; sourceTree = "<group>"; };
		8AFF0D8923032DC700F762A2 /* DateFormatter+OptionalDate.swift */ = {isa = PBXFileReference; lastKnownFileType = sourcecode.swift; path = "DateFormatter+OptionalDate.swift"; sourceTree = "<group>"; };
/* End PBXFileReference section */

/* Begin PBXFrameworksBuildPhase section */
		8A7D6E91200BF92E00AA0FA7 /* Frameworks */ = {
			isa = PBXFrameworksBuildPhase;
			buildActionMask = 2147483647;
			files = (
				8A12D7AA22C4FB38006B29AA /* Charts in Frameworks */,
				8A6F172B233A809D0048A75B /* StoreKit.framework in Frameworks */,
			);
			runOnlyForDeploymentPostprocessing = 0;
		};
		8A7D6EA8200BF92E00AA0FA7 /* Frameworks */ = {
			isa = PBXFrameworksBuildPhase;
			buildActionMask = 2147483647;
			files = (
			);
			runOnlyForDeploymentPostprocessing = 0;
		};
/* End PBXFrameworksBuildPhase section */

/* Begin PBXGroup section */
		8A1D989422C7C6690071225D /* Training */ = {
			isa = PBXGroup;
			children = (
				8A0ADC32232964E700081F4B /* TrainingTab.swift */,
				8A63B3762329463A001BD7B5 /* StartTrainingView.swift */,
				8A63B3752329463A001BD7B5 /* TrainingView.swift */,
				8A1D989722C7C6AC0071225D /* TrainingSetEditor.swift */,
				8A38154F2301B865008ACDAD /* TrainingsLog.swift */,
				8A70A73623041542000A3C76 /* TimerBannerView.swift */,
				8AFE11AF232CDDF6000E9393 /* EditCurrentTrainingTimeView.swift */,
				8A70A73823041637000A3C76 /* RestTimerView.swift */,
			);
			path = Training;
			sourceTree = "<group>";
		};
		8A1E335122C556DC00B1E04B /* Controls */ = {
			isa = PBXGroup;
			children = (
				8A1E335222C5570B00B1E04B /* Dragger.swift */,
				8A1E5A2422E5AE950059329C /* NumericKeyboard.swift */,
			);
			path = Controls;
			sourceTree = "<group>";
		};
		8A56A47D22D7C91B0076E99A /* Settings */ = {
			isa = PBXGroup;
			children = (
				8A56A47E22D7C93B0076E99A /* SettingsView.swift */,
				8AE0A7962330FF100021EE23 /* ExportImportSettingsView.swift */,
			);
			path = Settings;
			sourceTree = "<group>";
		};
		8A5F9A0F233B6B3600C2F32A /* IAP */ = {
			isa = PBXGroup;
			children = (
				8A5F9A10233B6B6D00C2F32A /* StoreObserver.swift */,
				8A5F9A12233B6B7D00C2F32A /* StoreManager.swift */,
				8A5F9A14233B702600C2F32A /* IAPIdentifiers.swift */,
				8A5F9A1E233BA6B100C2F32A /* ReceiptVerifier.swift */,
				8A1C7F8A233DE54700B66E93 /* ReceiptFetcher.swift */,
				8A5F9A22233BDEEB00C2F32A /* VerificationResponse.swift */,
			);
			path = IAP;
			sourceTree = "<group>";
		};
		8A6F1729233A809D0048A75B /* Frameworks */ = {
			isa = PBXGroup;
			children = (
				8A6F172A233A809D0048A75B /* StoreKit.framework */,
			);
			name = Frameworks;
			sourceTree = "<group>";
		};
		8A799F6222BFD30E00DD5E1B /* General */ = {
			isa = PBXGroup;
			children = (
				8A6B1A6622BE7FD10067DD41 /* _TextSizeDemo.swift */,
				8A799F6522BFD33F00DD5E1B /* BannerView.swift */,
				8A1EE75522CB90CC00C742DF /* VisualEffectView.swift */,
				8A652C4122D0F6D300DBE10E /* AnimatedImageView.swift */,
				8A652C4722D10C4900DBE10E /* BarChartView.swift */,
				8A652C4522D1055600DBE10E /* LineChartView.swift */,
				8A3815472301803A008ACDAD /* Refresher.swift */,
				8ADC6AF7230ADA25008B5636 /* StackedBarChartView.swift */,
				8ACBE80C231A69940027D3A8 /* ValueHolder.swift */,
				8AE132D5231BED920061C600 /* SearchField.swift */,
				8A0ADC3023294EAD00081F4B /* UITabView.swift */,
				8AFE11B3232CF2E2000E9393 /* SheetBar.swift */,
				8AF9254F232FD47A00C6977D /* ExerciseGroupFilter.swift */,
				8AF92551232FD49600C6977D /* ExerciseFilter.swift */,
				8AB4F7F4234244C50074B88E /* PlaceholderModifier.swift */,
			);
			path = General;
			sourceTree = "<group>";
		};
		8A7D6E8B200BF92E00AA0FA7 = {
			isa = PBXGroup;
			children = (
				8A7D6E96200BF92E00AA0FA7 /* Iron */,
				8A7D6EAE200BF92E00AA0FA7 /* IronTests */,
				8A7D6E95200BF92E00AA0FA7 /* Products */,
				8A6F1729233A809D0048A75B /* Frameworks */,
			);
			sourceTree = "<group>";
		};
		8A7D6E95200BF92E00AA0FA7 /* Products */ = {
			isa = PBXGroup;
			children = (
				8A7D6E94200BF92E00AA0FA7 /* Iron.app */,
				8A7D6EAB200BF92E00AA0FA7 /* IronTests.xctest */,
			);
			name = Products;
			sourceTree = "<group>";
		};
		8A7D6E96200BF92E00AA0FA7 /* Iron */ = {
			isa = PBXGroup;
			children = (
				8AD40826202F96CB00A73E05 /* Extension */,
				8A5F9A0F233B6B3600C2F32A /* IAP */,
				8AABF2A6201683C8009C047D /* Data */,
				8AC8063722BAB93000086032 /* UI */,
				8A7D6E97200BF92E00AA0FA7 /* AppDelegate.swift */,
				8AC8063822BABC8C00086032 /* SceneDelegate.swift */,
				8A36F9E9231EA62F0036E504 /* NotificationManager.swift */,
				8A7D6EA3200BF92E00AA0FA7 /* LaunchScreen.storyboard */,
				8A7D6EA6200BF92E00AA0FA7 /* Info.plist */,
				8A7D6E9E200BF92E00AA0FA7 /* TrainingsData.xcdatamodeld */,
				8A7D6EA1200BF92E00AA0FA7 /* Assets.xcassets */,
				8AC4C9D123254A7E008E474A /* quotes */,
				8A7D6EBC200C156500AA0FA7 /* everkinetic-data */,
				8A16BBD822E337A0002150F0 /* Benchmark.swift */,
			);
			path = Iron;
			sourceTree = "<group>";
		};
		8A7D6EAE200BF92E00AA0FA7 /* IronTests */ = {
			isa = PBXGroup;
			children = (
				8A7D6EAF200BF92E00AA0FA7 /* Sunrise_FitTests.swift */,
				8A239AE7203580A1006BB38B /* Sunrise_FitCoreDataTests.swift */,
				8A7D6EB1200BF92E00AA0FA7 /* Info.plist */,
				8AB972F6203583E40099507B /* CoreDataHelper.swift */,
				8AFF0D832302C60000F762A2 /* TrainingsDataHelper.swift */,
			);
			path = IronTests;
			sourceTree = "<group>";
		};
		8AABF2A6201683C8009C047D /* Data */ = {
			isa = PBXGroup;
			children = (
				8AE0A79C233127AD0021EE23 /* Stores */,
				8AD40835202FC7C200A73E05 /* Model */,
				8AE07AAB2325453600FDB2A0 /* Quotes.swift */,
				8A1916B8214E6BC000D96E9E /* TrainingExerciseChartDataGenerator.swift */,
			);
			path = Data;
			sourceTree = "<group>";
		};
		8AABF2AC20168900009C047D /* UIKitViews */ = {
			isa = PBXGroup;
			children = (
				8A643E1A21490C520044C3A1 /* StyledLineChartView.swift */,
				8A3C5F96218E2E5500467DA6 /* StyledBarChartView.swift */,
				8A643E132147B8430044C3A1 /* BalloonMarker.swift */,
			);
			path = UIKitViews;
			sourceTree = "<group>";
		};
		8AB4F7ED2342165B0074B88E /* Demo */ = {
			isa = PBXGroup;
			children = (
				8AB4F7EE2342166D0074B88E /* ActivityDemoChartView.swift */,
				8AB4F7F023421D960074B88E /* ExerciseDemoChartView.swift */,
			);
			path = Demo;
			sourceTree = "<group>";
		};
		8AB8A5932034C072004366F2 /* CoreData */ = {
			isa = PBXGroup;
			children = (
				8AB8A5942034C097004366F2 /* Training.swift */,
				8AB8A5962034C0AF004366F2 /* TrainingExercise.swift */,
				8AB8A5982034C0BA004366F2 /* TrainingSet.swift */,
				8A59283122BE575300BFD57E /* MockTrainingsData.swift */,
			);
			path = CoreData;
			sourceTree = "<group>";
		};
		8ABB4C6422CE059E0075CCE6 /* Exercises */ = {
			isa = PBXGroup;
			children = (
				8ABB4C6522CE05DD0075CCE6 /* ExerciseMuscleGroupsView.swift */,
				8AA99C3622CE300700E0B6B9 /* ExercisesView.swift */,
				8AE0A79A233122AE0021EE23 /* CustomExercisesView.swift */,
				8AA99C3822CE347000E0B6B9 /* MuscleGroupSectionedExercisesView.swift */,
				8AA99C3A22CE39B900E0B6B9 /* ExerciseDetailView.swift */,
				8A652C4322D1032A00DBE10E /* ExerciseStatisticsView.swift */,
				8AE2844622D1196C006D3295 /* ExerciseHistoryView.swift */,
				8A63B37F232946E0001BD7B5 /* ExerciseMultiSelectionView.swift */,
				8A63B380232946E0001BD7B5 /* ExerciseSingleSelectionView.swift */,
				8A36F9E7231E932A0036E504 /* AddExercisesSheet.swift */,
				8AE0A798233119C40021EE23 /* EditCustomExerciseView.swift */,
				8AE0FC822339190100B234F9 /* EditCustomExerciseSheet.swift */,
				8AE0FC80233918F500B234F9 /* CreateCustomExerciseSheet.swift */,
			);
			path = Exercises;
			sourceTree = "<group>";
		};
		8AC503272340E712006D1BC6 /* Purchase */ = {
			isa = PBXGroup;
			children = (
				8A6F1727233A6E5E0048A75B /* PurchaseView.swift */,
				8AC503282340E732006D1BC6 /* PurchaseSheet.swift */,
				8AC5032A2340FE8A006D1BC6 /* UnlockProOverlay.swift */,
			);
			path = Purchase;
			sourceTree = "<group>";
		};
		8AC8063722BAB93000086032 /* UI */ = {
			isa = PBXGroup;
			children = (
				8AC8063A22BABCAA00086032 /* ContentView.swift */,
				8AABF2AC20168900009C047D /* UIKitViews */,
				8A1E335122C556DC00B1E04B /* Controls */,
				8A799F6222BFD30E00DD5E1B /* General */,
				8AC8064222BADBD300086032 /* Feed */,
				8AE7306922BE690B0005CF9F /* History */,
				8A1D989422C7C6690071225D /* Training */,
				8ABB4C6422CE059E0075CCE6 /* Exercises */,
				8A56A47D22D7C91B0076E99A /* Settings */,
				8AC503272340E712006D1BC6 /* Purchase */,
				8AB4F7ED2342165B0074B88E /* Demo */,
			);
			path = UI;
			sourceTree = "<group>";
		};
		8AC8064222BADBD300086032 /* Feed */ = {
			isa = PBXGroup;
			children = (
				8AC8063C22BAC54200086032 /* FeedView.swift */,
				8AC8064022BACECE00086032 /* FeedBannerView.swift */,
				8AA02614230AF74C00324853 /* ActivityChartView.swift */,
				8AC8064322BADC1B00086032 /* ActivityChartViewCell.swift */,
				8A9BC5B922BBACCB006CAA0F /* ExerciseChartView.swift */,
				8A9BC5BB22BBAE3C006CAA0F /* ExerciseChartViewCell.swift */,
			);
			path = Feed;
			sourceTree = "<group>";
		};
		8AD40826202F96CB00A73E05 /* Extension */ = {
			isa = PBXGroup;
			children = (
				8AD40833202FC71B00A73E05 /* Array+uniq.swift */,
				8A3EB421204AFCF000E3A08B /* Array+sorted.swift */,
				8A442AD6207A428500A2BDBD /* Date+Days.swift */,
				8A5989AA20D0212C00DB9104 /* UIFont+MonospacedDigit.swift */,
				8A3C5F94218E29AC00467DA6 /* Chart+Style.swift */,
				8A3C5F98218E3F4F00467DA6 /* UserDefaults+PinnedCharts.swift */,
				8A56A48022D7CDC60076E99A /* UserDefaults+Settings.swift */,
				8A381549230181C9008ACDAD /* UserDefaults+RestTimer.swift */,
				8A5F9A24233BF0F900C2F32A /* UserDefaults+IAP.swift */,
				8AA57E5E22C3EE2E00B9AC79 /* Training+SwiftUI.swift */,
				8AB14BA722C500070025D835 /* TrainingExercise+SwiftUI.swift */,
				8AB14BA922C500430025D835 /* Exercise+SwiftUI.swift */,
				8A63B3792329467F001BD7B5 /* UIImage+Tinting.swift */,
				8A63B37C23294694001BD7B5 /* Exercise+Identifiable.swift */,
				8A63B37B23294694001BD7B5 /* NSManagedObjectContext+save.swift */,
				8A74BEB722FC828A00AC33C5 /* NSManagedObjectContext+Publisher.swift */,
				8AFF0D8923032DC700F762A2 /* DateFormatter+OptionalDate.swift */,
				8AD85552232907B300493BAF /* DateComponentsFormatter+OptionalDuration.swift */,
				8AF4C537230EEE51003A84DC /* TrainingSetTag+SwiftUI.swift */,
				8A9E4F7B23142FAC0038ACC5 /* Color+SwiftUI.swift */,
				8A9E4F7D231436260038ACC5 /* String+Enquote.swift */,
				8AF8919323212C290024B2EF /* Comparable+Clamped.swift */,
				8AF8919523215FEE0024B2EF /* IndexSet+Identifiable.swift */,
				8AFE11B1232CE7CF000E9393 /* View+TypeErased.swift */,
			);
			path = Extension;
			sourceTree = "<group>";
		};
		8AD40835202FC7C200A73E05 /* Model */ = {
			isa = PBXGroup;
			children = (
				8AB8A5932034C072004366F2 /* CoreData */,
				8AC2B322200D2C8000DC68BE /* Exercise.swift */,
				8A81CFB022E3B1CF00B11394 /* PinnedChart.swift */,
				8A82AB9322DDE582007C0293 /* WeightUnit.swift */,
				8AF4C535230EEE0A003A84DC /* TrainingSetTag.swift */,
				8AF4C539230EFB5F003A84DC /* RPE.swift */,
				8AE0A79D233128280021EE23 /* Quote.swift */,
			);
			path = Model;
			sourceTree = "<group>";
		};
		8AE0A79C233127AD0021EE23 /* Stores */ = {
			isa = PBXGroup;
			children = (
				8A82AB9122DDDB7E007C0293 /* SettingsStore.swift */,
				8A38154D23019A3F008ACDAD /* RestTimerStore.swift */,
				8AE0A7A1233128DE0021EE23 /* ExerciseStore.swift */,
				8A81E85523328D610094BAAF /* PinnedChartsStore.swift */,
				8AD90A18233D1E2000328D96 /* EntitlementStore.swift */,
			);
			path = Stores;
			sourceTree = "<group>";
		};
		8AE7306922BE690B0005CF9F /* History */ = {
			isa = PBXGroup;
			children = (
				8A59282F22BD8B5C00BFD57E /* HistoryView.swift */,
				8A6B1A6822BE8B210067DD41 /* TrainingDetailView.swift */,
				8A6B1A6A22BE8F9B0067DD41 /* TrainingDetailBannerView.swift */,
				8A799F5E22BF868500DD5E1B /* TrainingExerciseDetailView.swift */,
				8AB14BA522C4FD250025D835 /* TrainingExerciseDetailBannerView.swift */,
				8A2F52A62316969B00194C54 /* TrainingSetCell.swift */,
			);
			path = History;
			sourceTree = "<group>";
		};
/* End PBXGroup section */

/* Begin PBXNativeTarget section */
		8A7D6E93200BF92E00AA0FA7 /* Iron */ = {
			isa = PBXNativeTarget;
			buildConfigurationList = 8A7D6EB4200BF92E00AA0FA7 /* Build configuration list for PBXNativeTarget "Iron" */;
			buildPhases = (
				8A7D6E90200BF92E00AA0FA7 /* Sources */,
				8A7D6E91200BF92E00AA0FA7 /* Frameworks */,
				8A7D6E92200BF92E00AA0FA7 /* Resources */,
			);
			buildRules = (
			);
			dependencies = (
			);
			name = Iron;
			packageProductDependencies = (
				8A12D7A922C4FB38006B29AA /* Charts */,
			);
			productName = "Rhino Fit";
			productReference = 8A7D6E94200BF92E00AA0FA7 /* Iron.app */;
			productType = "com.apple.product-type.application";
		};
		8A7D6EAA200BF92E00AA0FA7 /* IronTests */ = {
			isa = PBXNativeTarget;
			buildConfigurationList = 8A7D6EB7200BF92E00AA0FA7 /* Build configuration list for PBXNativeTarget "IronTests" */;
			buildPhases = (
				8A7D6EA7200BF92E00AA0FA7 /* Sources */,
				8A7D6EA8200BF92E00AA0FA7 /* Frameworks */,
				8A7D6EA9200BF92E00AA0FA7 /* Resources */,
			);
			buildRules = (
			);
			dependencies = (
				8A7D6EAD200BF92E00AA0FA7 /* PBXTargetDependency */,
			);
			name = IronTests;
			productName = "Rhino FitTests";
			productReference = 8A7D6EAB200BF92E00AA0FA7 /* IronTests.xctest */;
			productType = "com.apple.product-type.bundle.unit-test";
		};
/* End PBXNativeTarget section */

/* Begin PBXProject section */
		8A7D6E8C200BF92E00AA0FA7 /* Project object */ = {
			isa = PBXProject;
			attributes = {
				LastSwiftUpdateCheck = 0930;
				LastUpgradeCheck = 0930;
				ORGANIZATIONNAME = "Karim Abou Zeid Software";
				TargetAttributes = {
					8A7D6E93200BF92E00AA0FA7 = {
						CreatedOnToolsVersion = 9.2;
						LastSwiftMigration = 1020;
					};
					8A7D6EAA200BF92E00AA0FA7 = {
						CreatedOnToolsVersion = 9.2;
						LastSwiftMigration = 1020;
						ProvisioningStyle = Automatic;
						TestTargetID = 8A7D6E93200BF92E00AA0FA7;
					};
				};
			};
			buildConfigurationList = 8A7D6E8F200BF92E00AA0FA7 /* Build configuration list for PBXProject "Iron" */;
			compatibilityVersion = "Xcode 8.0";
			developmentRegion = en;
			hasScannedForEncodings = 0;
			knownRegions = (
				en,
				Base,
			);
			mainGroup = 8A7D6E8B200BF92E00AA0FA7;
			packageReferences = (
				8A12D7A822C4FB38006B29AA /* XCRemoteSwiftPackageReference "Charts" */,
			);
			productRefGroup = 8A7D6E95200BF92E00AA0FA7 /* Products */;
			projectDirPath = "";
			projectRoot = "";
			targets = (
				8A7D6E93200BF92E00AA0FA7 /* Iron */,
				8A7D6EAA200BF92E00AA0FA7 /* IronTests */,
			);
		};
/* End PBXProject section */

/* Begin PBXResourcesBuildPhase section */
		8A7D6E92200BF92E00AA0FA7 /* Resources */ = {
			isa = PBXResourcesBuildPhase;
			buildActionMask = 2147483647;
			files = (
				8AC4C9D223254A7E008E474A /* quotes in Resources */,
				8A7D6EBD200C156500AA0FA7 /* everkinetic-data in Resources */,
				8A7D6EA5200BF92E00AA0FA7 /* LaunchScreen.storyboard in Resources */,
				8A7D6EA2200BF92E00AA0FA7 /* Assets.xcassets in Resources */,
			);
			runOnlyForDeploymentPostprocessing = 0;
		};
		8A7D6EA9200BF92E00AA0FA7 /* Resources */ = {
			isa = PBXResourcesBuildPhase;
			buildActionMask = 2147483647;
			files = (
			);
			runOnlyForDeploymentPostprocessing = 0;
		};
/* End PBXResourcesBuildPhase section */

/* Begin PBXSourcesBuildPhase section */
		8A7D6E90200BF92E00AA0FA7 /* Sources */ = {
			isa = PBXSourcesBuildPhase;
			buildActionMask = 2147483647;
			files = (
				8A63B3772329463A001BD7B5 /* TrainingView.swift in Sources */,
				8AF92552232FD49600C6977D /* ExerciseFilter.swift in Sources */,
				8A9E4F7E231436260038ACC5 /* String+Enquote.swift in Sources */,
				8A38154A230181C9008ACDAD /* UserDefaults+RestTimer.swift in Sources */,
				8AFF0D8A23032DC700F762A2 /* DateFormatter+OptionalDate.swift in Sources */,
				8A5F9A13233B6B7D00C2F32A /* StoreManager.swift in Sources */,
				8AB14BA622C4FD250025D835 /* TrainingExerciseDetailBannerView.swift in Sources */,
				8A652C4622D1055600DBE10E /* LineChartView.swift in Sources */,
				8A70A73723041542000A3C76 /* TimerBannerView.swift in Sources */,
				8A0ADC33232964E700081F4B /* TrainingTab.swift in Sources */,
				8AC8064422BADC1B00086032 /* ActivityChartViewCell.swift in Sources */,
				8A643E1B21490C520044C3A1 /* StyledLineChartView.swift in Sources */,
				8AD85553232907B300493BAF /* DateComponentsFormatter+OptionalDuration.swift in Sources */,
				8AE0A7972330FF100021EE23 /* ExportImportSettingsView.swift in Sources */,
				8A59283022BD8B5C00BFD57E /* HistoryView.swift in Sources */,
				8AC8063B22BABCAA00086032 /* ContentView.swift in Sources */,
				8AFF0D882303062400F762A2 /* Benchmark.swift in Sources */,
				8AE0FC81233918F500B234F9 /* CreateCustomExerciseSheet.swift in Sources */,
				8A3815482301803A008ACDAD /* Refresher.swift in Sources */,
				8AC503292340E732006D1BC6 /* PurchaseSheet.swift in Sources */,
				8A9BC5BA22BBACCB006CAA0F /* ExerciseChartView.swift in Sources */,
				8A6B1A6B22BE8F9B0067DD41 /* TrainingDetailBannerView.swift in Sources */,
				8A1916B9214E6BC000D96E9E /* TrainingExerciseChartDataGenerator.swift in Sources */,
				8AB14BA822C500070025D835 /* TrainingExercise+SwiftUI.swift in Sources */,
				8AE0FC832339190100B234F9 /* EditCustomExerciseSheet.swift in Sources */,
				8AC2B323200D2C8000DC68BE /* Exercise.swift in Sources */,
				8A63B382232946E0001BD7B5 /* ExerciseSingleSelectionView.swift in Sources */,
				8AA57E5F22C3EE2E00B9AC79 /* Training+SwiftUI.swift in Sources */,
				8A6B1A6922BE8B210067DD41 /* TrainingDetailView.swift in Sources */,
				8AA99C3B22CE39B900E0B6B9 /* ExerciseDetailView.swift in Sources */,
				8A63B37E23294694001BD7B5 /* Exercise+Identifiable.swift in Sources */,
				8AF8919423212C290024B2EF /* Comparable+Clamped.swift in Sources */,
				8A59283222BE575300BFD57E /* MockTrainingsData.swift in Sources */,
				8AA99C3922CE347000E0B6B9 /* MuscleGroupSectionedExercisesView.swift in Sources */,
				8A82AB9422DDE582007C0293 /* WeightUnit.swift in Sources */,
				8AFE11B0232CDDF6000E9393 /* EditCurrentTrainingTimeView.swift in Sources */,
				8AE132D6231BED920061C600 /* SearchField.swift in Sources */,
				8A0ADC3123294EAD00081F4B /* UITabView.swift in Sources */,
				8A6B1A6722BE7FD10067DD41 /* _TextSizeDemo.swift in Sources */,
				8ADC6AF8230ADA25008B5636 /* StackedBarChartView.swift in Sources */,
				8AE0A7A2233128DE0021EE23 /* ExerciseStore.swift in Sources */,
				8A3815502301B865008ACDAD /* TrainingsLog.swift in Sources */,
				8A7D6EA0200BF92E00AA0FA7 /* TrainingsData.xcdatamodeld in Sources */,
				8A652C4422D1032A00DBE10E /* ExerciseStatisticsView.swift in Sources */,
				8A9BC5BC22BBAE3C006CAA0F /* ExerciseChartViewCell.swift in Sources */,
				8A6F1728233A6E5E0048A75B /* PurchaseView.swift in Sources */,
				8A63B3782329463A001BD7B5 /* StartTrainingView.swift in Sources */,
				8AB8A5992034C0BA004366F2 /* TrainingSet.swift in Sources */,
				8A7D6E98200BF92E00AA0FA7 /* AppDelegate.swift in Sources */,
				8A81E85623328D610094BAAF /* PinnedChartsStore.swift in Sources */,
				8AC8064122BACECF00086032 /* FeedBannerView.swift in Sources */,
				8A1E5A2522E5AE950059329C /* NumericKeyboard.swift in Sources */,
				8A1D989822C7C6AC0071225D /* TrainingSetEditor.swift in Sources */,
				8A3C5F97218E2E5500467DA6 /* StyledBarChartView.swift in Sources */,
				8A442AD7207A428500A2BDBD /* Date+Days.swift in Sources */,
				8AB4F7F123421D960074B88E /* ExerciseDemoChartView.swift in Sources */,
				8A799F6622BFD33F00DD5E1B /* BannerView.swift in Sources */,
				8A1EE75622CB90CC00C742DF /* VisualEffectView.swift in Sources */,
				8A63B37A2329467F001BD7B5 /* UIImage+Tinting.swift in Sources */,
				8AF4C53A230EFB5F003A84DC /* RPE.swift in Sources */,
				8A81E85423328B270094BAAF /* CustomExercisesView.swift in Sources */,
				8AA02615230AF74C00324853 /* ActivityChartView.swift in Sources */,
				8A56A47F22D7C93B0076E99A /* SettingsView.swift in Sources */,
				8A5F9A23233BDEEB00C2F32A /* VerificationResponse.swift in Sources */,
				8A5F9A25233BF0F900C2F32A /* UserDefaults+IAP.swift in Sources */,
				8A82AB9222DDDB7E007C0293 /* SettingsStore.swift in Sources */,
				8A5F9A1F233BA6B100C2F32A /* ReceiptVerifier.swift in Sources */,
				8A70A73923041637000A3C76 /* RestTimerView.swift in Sources */,
				8AB4F7EF234217290074B88E /* ActivityDemoChartView.swift in Sources */,
				8AF4C538230EEE51003A84DC /* TrainingSetTag+SwiftUI.swift in Sources */,
				8A36F9EA231EA62F0036E504 /* NotificationManager.swift in Sources */,
				8A5F9A11233B6B6D00C2F32A /* StoreObserver.swift in Sources */,
				8AC5032B2340FE8A006D1BC6 /* UnlockProOverlay.swift in Sources */,
				8AB8A5952034C097004366F2 /* Training.swift in Sources */,
				8A63B381232946E0001BD7B5 /* ExerciseMultiSelectionView.swift in Sources */,
				8A2F52A72316969B00194C54 /* TrainingSetCell.swift in Sources */,
				8A3C5F95218E29AC00467DA6 /* Chart+Style.swift in Sources */,
				8ACBE80D231A69940027D3A8 /* ValueHolder.swift in Sources */,
				8AFE11B4232CF2E2000E9393 /* SheetBar.swift in Sources */,
				8AF92550232FD47A00C6977D /* ExerciseGroupFilter.swift in Sources */,
				8ABB4C6622CE05DD0075CCE6 /* ExerciseMuscleGroupsView.swift in Sources */,
				8A3C5F99218E3F4F00467DA6 /* UserDefaults+PinnedCharts.swift in Sources */,
				8AC8063D22BAC54200086032 /* FeedView.swift in Sources */,
				8A74BEB822FC828A00AC33C5 /* NSManagedObjectContext+Publisher.swift in Sources */,
				8A1C7F8B233DE54700B66E93 /* ReceiptFetcher.swift in Sources */,
				8AE0A79E233128280021EE23 /* Quote.swift in Sources */,
				8A81CFB122E3B1CF00B11394 /* PinnedChart.swift in Sources */,
				8A643E142147B8430044C3A1 /* BalloonMarker.swift in Sources */,
				8A38154E23019A3F008ACDAD /* RestTimerStore.swift in Sources */,
				8A3EB422204AFCF000E3A08B /* Array+sorted.swift in Sources */,
				8AE2844722D1196C006D3295 /* ExerciseHistoryView.swift in Sources */,
				8AB14BAA22C500430025D835 /* Exercise+SwiftUI.swift in Sources */,
				8AA99C3722CE300700E0B6B9 /* ExercisesView.swift in Sources */,
				8AFE11B2232CE7CF000E9393 /* View+TypeErased.swift in Sources */,
				8A5989AB20D0212C00DB9104 /* UIFont+MonospacedDigit.swift in Sources */,
				8A652C4822D10C4900DBE10E /* BarChartView.swift in Sources */,
				8AB8A5972034C0AF004366F2 /* TrainingExercise.swift in Sources */,
				8A9E4F7C23142FAC0038ACC5 /* Color+SwiftUI.swift in Sources */,
				8AE07AAC2325453600FDB2A0 /* Quotes.swift in Sources */,
				8AD90A19233D1E2000328D96 /* EntitlementStore.swift in Sources */,
				8AB4F7F5234244C50074B88E /* PlaceholderModifier.swift in Sources */,
				8AF8919623215FEE0024B2EF /* IndexSet+Identifiable.swift in Sources */,
				8A1E335322C5570B00B1E04B /* Dragger.swift in Sources */,
				8A799F5F22BF868500DD5E1B /* TrainingExerciseDetailView.swift in Sources */,
				8A63B37D23294694001BD7B5 /* NSManagedObjectContext+save.swift in Sources */,
				8AC8063922BABC8C00086032 /* SceneDelegate.swift in Sources */,
				8A36F9E8231E932A0036E504 /* AddExercisesSheet.swift in Sources */,
				8AE0A799233119C40021EE23 /* EditCustomExerciseView.swift in Sources */,
				8A56A48122D7CDC60076E99A /* UserDefaults+Settings.swift in Sources */,
				8AF4C536230EEE0A003A84DC /* TrainingSetTag.swift in Sources */,
				8A5F9A15233B702600C2F32A /* IAPIdentifiers.swift in Sources */,
				8A652C4222D0F6D300DBE10E /* AnimatedImageView.swift in Sources */,
				8AD40834202FC71B00A73E05 /* Array+uniq.swift in Sources */,
			);
			runOnlyForDeploymentPostprocessing = 0;
		};
		8A7D6EA7200BF92E00AA0FA7 /* Sources */ = {
			isa = PBXSourcesBuildPhase;
			buildActionMask = 2147483647;
			files = (
				8AB972F7203583E40099507B /* CoreDataHelper.swift in Sources */,
				8AFF0D842302C60000F762A2 /* TrainingsDataHelper.swift in Sources */,
				8A7D6EB0200BF92E00AA0FA7 /* Sunrise_FitTests.swift in Sources */,
				8A239AE8203580A1006BB38B /* Sunrise_FitCoreDataTests.swift in Sources */,
			);
			runOnlyForDeploymentPostprocessing = 0;
		};
/* End PBXSourcesBuildPhase section */

/* Begin PBXTargetDependency section */
		8A7D6EAD200BF92E00AA0FA7 /* PBXTargetDependency */ = {
			isa = PBXTargetDependency;
			target = 8A7D6E93200BF92E00AA0FA7 /* Iron */;
			targetProxy = 8A7D6EAC200BF92E00AA0FA7 /* PBXContainerItemProxy */;
		};
/* End PBXTargetDependency section */

/* Begin PBXVariantGroup section */
		8A7D6EA3200BF92E00AA0FA7 /* LaunchScreen.storyboard */ = {
			isa = PBXVariantGroup;
			children = (
				8A7D6EA4200BF92E00AA0FA7 /* Base */,
			);
			name = LaunchScreen.storyboard;
			sourceTree = "<group>";
		};
/* End PBXVariantGroup section */

/* Begin XCBuildConfiguration section */
		8A7D6EB2200BF92E00AA0FA7 /* Debug */ = {
			isa = XCBuildConfiguration;
			buildSettings = {
				ALWAYS_SEARCH_USER_PATHS = NO;
				CLANG_ANALYZER_NONNULL = YES;
				CLANG_ANALYZER_NUMBER_OBJECT_CONVERSION = YES_AGGRESSIVE;
				CLANG_CXX_LANGUAGE_STANDARD = "gnu++14";
				CLANG_CXX_LIBRARY = "libc++";
				CLANG_ENABLE_MODULES = YES;
				CLANG_ENABLE_OBJC_ARC = YES;
				CLANG_WARN_BLOCK_CAPTURE_AUTORELEASING = YES;
				CLANG_WARN_BOOL_CONVERSION = YES;
				CLANG_WARN_COMMA = YES;
				CLANG_WARN_CONSTANT_CONVERSION = YES;
				CLANG_WARN_DEPRECATED_OBJC_IMPLEMENTATIONS = YES;
				CLANG_WARN_DIRECT_OBJC_ISA_USAGE = YES_ERROR;
				CLANG_WARN_DOCUMENTATION_COMMENTS = YES;
				CLANG_WARN_EMPTY_BODY = YES;
				CLANG_WARN_ENUM_CONVERSION = YES;
				CLANG_WARN_INFINITE_RECURSION = YES;
				CLANG_WARN_INT_CONVERSION = YES;
				CLANG_WARN_NON_LITERAL_NULL_CONVERSION = YES;
				CLANG_WARN_OBJC_IMPLICIT_RETAIN_SELF = YES;
				CLANG_WARN_OBJC_LITERAL_CONVERSION = YES;
				CLANG_WARN_OBJC_ROOT_CLASS = YES_ERROR;
				CLANG_WARN_RANGE_LOOP_ANALYSIS = YES;
				CLANG_WARN_STRICT_PROTOTYPES = YES;
				CLANG_WARN_SUSPICIOUS_MOVE = YES;
				CLANG_WARN_UNGUARDED_AVAILABILITY = YES_AGGRESSIVE;
				CLANG_WARN_UNREACHABLE_CODE = YES;
				CLANG_WARN__DUPLICATE_METHOD_MATCH = YES;
				CODE_SIGN_IDENTITY = "iPhone Developer";
				COPY_PHASE_STRIP = NO;
				DEBUG_INFORMATION_FORMAT = dwarf;
				ENABLE_STRICT_OBJC_MSGSEND = YES;
				ENABLE_TESTABILITY = YES;
				GCC_C_LANGUAGE_STANDARD = gnu11;
				GCC_DYNAMIC_NO_PIC = NO;
				GCC_NO_COMMON_BLOCKS = YES;
				GCC_OPTIMIZATION_LEVEL = 0;
				GCC_PREPROCESSOR_DEFINITIONS = (
					"DEBUG=1",
					"$(inherited)",
				);
				GCC_WARN_64_TO_32_BIT_CONVERSION = YES;
				GCC_WARN_ABOUT_RETURN_TYPE = YES_ERROR;
				GCC_WARN_UNDECLARED_SELECTOR = YES;
				GCC_WARN_UNINITIALIZED_AUTOS = YES_AGGRESSIVE;
				GCC_WARN_UNUSED_FUNCTION = YES;
				GCC_WARN_UNUSED_VARIABLE = YES;
				IPHONEOS_DEPLOYMENT_TARGET = 13.0;
				MTL_ENABLE_DEBUG_INFO = YES;
				ONLY_ACTIVE_ARCH = YES;
				SDKROOT = iphoneos;
				SWIFT_ACTIVE_COMPILATION_CONDITIONS = DEBUG;
				SWIFT_OPTIMIZATION_LEVEL = "-Onone";
			};
			name = Debug;
		};
		8A7D6EB3200BF92E00AA0FA7 /* Release */ = {
			isa = XCBuildConfiguration;
			buildSettings = {
				ALWAYS_SEARCH_USER_PATHS = NO;
				CLANG_ANALYZER_NONNULL = YES;
				CLANG_ANALYZER_NUMBER_OBJECT_CONVERSION = YES_AGGRESSIVE;
				CLANG_CXX_LANGUAGE_STANDARD = "gnu++14";
				CLANG_CXX_LIBRARY = "libc++";
				CLANG_ENABLE_MODULES = YES;
				CLANG_ENABLE_OBJC_ARC = YES;
				CLANG_WARN_BLOCK_CAPTURE_AUTORELEASING = YES;
				CLANG_WARN_BOOL_CONVERSION = YES;
				CLANG_WARN_COMMA = YES;
				CLANG_WARN_CONSTANT_CONVERSION = YES;
				CLANG_WARN_DEPRECATED_OBJC_IMPLEMENTATIONS = YES;
				CLANG_WARN_DIRECT_OBJC_ISA_USAGE = YES_ERROR;
				CLANG_WARN_DOCUMENTATION_COMMENTS = YES;
				CLANG_WARN_EMPTY_BODY = YES;
				CLANG_WARN_ENUM_CONVERSION = YES;
				CLANG_WARN_INFINITE_RECURSION = YES;
				CLANG_WARN_INT_CONVERSION = YES;
				CLANG_WARN_NON_LITERAL_NULL_CONVERSION = YES;
				CLANG_WARN_OBJC_IMPLICIT_RETAIN_SELF = YES;
				CLANG_WARN_OBJC_LITERAL_CONVERSION = YES;
				CLANG_WARN_OBJC_ROOT_CLASS = YES_ERROR;
				CLANG_WARN_RANGE_LOOP_ANALYSIS = YES;
				CLANG_WARN_STRICT_PROTOTYPES = YES;
				CLANG_WARN_SUSPICIOUS_MOVE = YES;
				CLANG_WARN_UNGUARDED_AVAILABILITY = YES_AGGRESSIVE;
				CLANG_WARN_UNREACHABLE_CODE = YES;
				CLANG_WARN__DUPLICATE_METHOD_MATCH = YES;
				CODE_SIGN_IDENTITY = "iPhone Developer";
				COPY_PHASE_STRIP = NO;
				DEBUG_INFORMATION_FORMAT = "dwarf-with-dsym";
				ENABLE_NS_ASSERTIONS = NO;
				ENABLE_STRICT_OBJC_MSGSEND = YES;
				GCC_C_LANGUAGE_STANDARD = gnu11;
				GCC_NO_COMMON_BLOCKS = YES;
				GCC_WARN_64_TO_32_BIT_CONVERSION = YES;
				GCC_WARN_ABOUT_RETURN_TYPE = YES_ERROR;
				GCC_WARN_UNDECLARED_SELECTOR = YES;
				GCC_WARN_UNINITIALIZED_AUTOS = YES_AGGRESSIVE;
				GCC_WARN_UNUSED_FUNCTION = YES;
				GCC_WARN_UNUSED_VARIABLE = YES;
				IPHONEOS_DEPLOYMENT_TARGET = 13.0;
				MTL_ENABLE_DEBUG_INFO = NO;
				SDKROOT = iphoneos;
				SWIFT_COMPILATION_MODE = wholemodule;
				SWIFT_OPTIMIZATION_LEVEL = "-O";
				VALIDATE_PRODUCT = YES;
			};
			name = Release;
		};
		8A7D6EB5200BF92E00AA0FA7 /* Debug */ = {
			isa = XCBuildConfiguration;
			buildSettings = {
				ASSETCATALOG_COMPILER_APPICON_NAME = AppIcon;
				CODE_SIGN_IDENTITY = "Apple Development";
				CODE_SIGN_STYLE = Automatic;
				CURRENT_PROJECT_VERSION = 4;
				DEVELOPMENT_TEAM = 2L6CX7XT2U;
				INFOPLIST_FILE = Iron/Info.plist;
				IPHONEOS_DEPLOYMENT_TARGET = 13.0;
				LD_RUNPATH_SEARCH_PATHS = (
					"$(inherited)",
					"@executable_path/Frameworks",
				);
				PRODUCT_BUNDLE_IDENTIFIER = com.kabouzeid.Iron;
				PRODUCT_NAME = "$(TARGET_NAME)";
				PROVISIONING_PROFILE_SPECIFIER = "";
				SWIFT_VERSION = 5.0;
				TARGETED_DEVICE_FAMILY = "1,2";
			};
			name = Debug;
		};
		8A7D6EB6200BF92E00AA0FA7 /* Release */ = {
			isa = XCBuildConfiguration;
			buildSettings = {
				ASSETCATALOG_COMPILER_APPICON_NAME = AppIcon;
				CODE_SIGN_IDENTITY = "Apple Development";
				CODE_SIGN_STYLE = Automatic;
				CURRENT_PROJECT_VERSION = 4;
				DEVELOPMENT_TEAM = 2L6CX7XT2U;
				INFOPLIST_FILE = Iron/Info.plist;
				IPHONEOS_DEPLOYMENT_TARGET = 13.0;
				LD_RUNPATH_SEARCH_PATHS = (
					"$(inherited)",
					"@executable_path/Frameworks",
				);
				PRODUCT_BUNDLE_IDENTIFIER = com.kabouzeid.Iron;
				PRODUCT_NAME = "$(TARGET_NAME)";
				PROVISIONING_PROFILE_SPECIFIER = "";
				SWIFT_VERSION = 5.0;
				TARGETED_DEVICE_FAMILY = "1,2";
			};
			name = Release;
		};
		8A7D6EB8200BF92E00AA0FA7 /* Debug */ = {
			isa = XCBuildConfiguration;
			buildSettings = {
				ALWAYS_EMBED_SWIFT_STANDARD_LIBRARIES = YES;
				BUNDLE_LOADER = "$(TEST_HOST)";
				CODE_SIGN_STYLE = Automatic;
				DEVELOPMENT_TEAM = 2L6CX7XT2U;
				INFOPLIST_FILE = IronTests/Info.plist;
				LD_RUNPATH_SEARCH_PATHS = (
					"$(inherited)",
					"@executable_path/Frameworks",
					"@loader_path/Frameworks",
				);
				PRODUCT_BUNDLE_IDENTIFIER = com.kabouzeid.IronTests;
				PRODUCT_NAME = "$(TARGET_NAME)";
				SWIFT_VERSION = 5.0;
				TARGETED_DEVICE_FAMILY = "1,2";
				TEST_HOST = "$(BUILT_PRODUCTS_DIR)/Iron.app/Iron";
			};
			name = Debug;
		};
		8A7D6EB9200BF92E00AA0FA7 /* Release */ = {
			isa = XCBuildConfiguration;
			buildSettings = {
				ALWAYS_EMBED_SWIFT_STANDARD_LIBRARIES = YES;
				BUNDLE_LOADER = "$(TEST_HOST)";
				CODE_SIGN_STYLE = Automatic;
				DEVELOPMENT_TEAM = 2L6CX7XT2U;
				INFOPLIST_FILE = IronTests/Info.plist;
				LD_RUNPATH_SEARCH_PATHS = (
					"$(inherited)",
					"@executable_path/Frameworks",
					"@loader_path/Frameworks",
				);
				PRODUCT_BUNDLE_IDENTIFIER = com.kabouzeid.IronTests;
				PRODUCT_NAME = "$(TARGET_NAME)";
				SWIFT_VERSION = 5.0;
				TARGETED_DEVICE_FAMILY = "1,2";
				TEST_HOST = "$(BUILT_PRODUCTS_DIR)/Iron.app/Iron";
			};
			name = Release;
		};
/* End XCBuildConfiguration section */

/* Begin XCConfigurationList section */
		8A7D6E8F200BF92E00AA0FA7 /* Build configuration list for PBXProject "Iron" */ = {
			isa = XCConfigurationList;
			buildConfigurations = (
				8A7D6EB2200BF92E00AA0FA7 /* Debug */,
				8A7D6EB3200BF92E00AA0FA7 /* Release */,
			);
			defaultConfigurationIsVisible = 0;
			defaultConfigurationName = Release;
		};
		8A7D6EB4200BF92E00AA0FA7 /* Build configuration list for PBXNativeTarget "Iron" */ = {
			isa = XCConfigurationList;
			buildConfigurations = (
				8A7D6EB5200BF92E00AA0FA7 /* Debug */,
				8A7D6EB6200BF92E00AA0FA7 /* Release */,
			);
			defaultConfigurationIsVisible = 0;
			defaultConfigurationName = Release;
		};
		8A7D6EB7200BF92E00AA0FA7 /* Build configuration list for PBXNativeTarget "IronTests" */ = {
			isa = XCConfigurationList;
			buildConfigurations = (
				8A7D6EB8200BF92E00AA0FA7 /* Debug */,
				8A7D6EB9200BF92E00AA0FA7 /* Release */,
			);
			defaultConfigurationIsVisible = 0;
			defaultConfigurationName = Release;
		};
/* End XCConfigurationList section */

/* Begin XCRemoteSwiftPackageReference section */
		8A12D7A822C4FB38006B29AA /* XCRemoteSwiftPackageReference "Charts" */ = {
			isa = XCRemoteSwiftPackageReference;
			repositoryURL = "https://github.com/kabouzeid/Charts";
			requirement = {
				branch = kabouzeid;
				kind = branch;
			};
		};
/* End XCRemoteSwiftPackageReference section */

/* Begin XCSwiftPackageProductDependency section */
		8A12D7A922C4FB38006B29AA /* Charts */ = {
			isa = XCSwiftPackageProductDependency;
			package = 8A12D7A822C4FB38006B29AA /* XCRemoteSwiftPackageReference "Charts" */;
			productName = Charts;
		};
/* End XCSwiftPackageProductDependency section */

/* Begin XCVersionGroup section */
		8A7D6E9E200BF92E00AA0FA7 /* TrainingsData.xcdatamodeld */ = {
			isa = XCVersionGroup;
			children = (
				8A7D6E9F200BF92E00AA0FA7 /* TrainingsData.xcdatamodel */,
			);
			currentVersion = 8A7D6E9F200BF92E00AA0FA7 /* TrainingsData.xcdatamodel */;
			path = TrainingsData.xcdatamodeld;
			sourceTree = "<group>";
			versionGroupType = wrapper.xcdatamodel;
		};
/* End XCVersionGroup section */
	};
	rootObject = 8A7D6E8C200BF92E00AA0FA7 /* Project object */;
}
