// !$*UTF8*$!
{
	archiveVersion = 1;
	classes = {
	};
	objectVersion = 48;
	objects = {

/* Begin PBXBuildFile section */
		8A239AE8203580A1006BB38B /* Rhino_FitCoreDataTests.swift in Sources */ = {isa = PBXBuildFile; fileRef = 8A239AE7203580A1006BB38B /* Rhino_FitCoreDataTests.swift */; };
		8A2ED8C6201D680100E160F1 /* StartTrainingViewController.swift in Sources */ = {isa = PBXBuildFile; fileRef = 8A2ED8C5201D680100E160F1 /* StartTrainingViewController.swift */; };
		8A2F6BC9202E22EA00CB241A /* UIViewControllerExtension.swift in Sources */ = {isa = PBXBuildFile; fileRef = 8A2F6BC8202E22EA00CB241A /* UIViewControllerExtension.swift */; };
		8A4863042035A476004B1067 /* TrainingExercisePageViewController.swift in Sources */ = {isa = PBXBuildFile; fileRef = 8A4863032035A476004B1067 /* TrainingExercisePageViewController.swift */; };
		8A4863062035A48D004B1067 /* TrainingExerciseViewController.swift in Sources */ = {isa = PBXBuildFile; fileRef = 8A4863052035A48D004B1067 /* TrainingExerciseViewController.swift */; };
		8A53AF9920191B86007AE0B3 /* ExerciseDetailViewController.swift in Sources */ = {isa = PBXBuildFile; fileRef = 8A53AF9820191B86007AE0B3 /* ExerciseDetailViewController.swift */; };
		8A53AF9B20191C67007AE0B3 /* ExerciseImageTableViewCell.swift in Sources */ = {isa = PBXBuildFile; fileRef = 8A53AF9A20191C67007AE0B3 /* ExerciseImageTableViewCell.swift */; };
		8A7D6E98200BF92E00AA0FA7 /* AppDelegate.swift in Sources */ = {isa = PBXBuildFile; fileRef = 8A7D6E97200BF92E00AA0FA7 /* AppDelegate.swift */; };
		8A7D6E9D200BF92E00AA0FA7 /* Main.storyboard in Resources */ = {isa = PBXBuildFile; fileRef = 8A7D6E9B200BF92E00AA0FA7 /* Main.storyboard */; };
		8A7D6EA0200BF92E00AA0FA7 /* Rhino_Fit.xcdatamodeld in Sources */ = {isa = PBXBuildFile; fileRef = 8A7D6E9E200BF92E00AA0FA7 /* Rhino_Fit.xcdatamodeld */; };
		8A7D6EA2200BF92E00AA0FA7 /* Assets.xcassets in Resources */ = {isa = PBXBuildFile; fileRef = 8A7D6EA1200BF92E00AA0FA7 /* Assets.xcassets */; };
		8A7D6EA5200BF92E00AA0FA7 /* LaunchScreen.storyboard in Resources */ = {isa = PBXBuildFile; fileRef = 8A7D6EA3200BF92E00AA0FA7 /* LaunchScreen.storyboard */; };
		8A7D6EB0200BF92E00AA0FA7 /* Rhino_FitTests.swift in Sources */ = {isa = PBXBuildFile; fileRef = 8A7D6EAF200BF92E00AA0FA7 /* Rhino_FitTests.swift */; };
		8A7D6EBB200C092300AA0FA7 /* ExercisesTableViewController.swift in Sources */ = {isa = PBXBuildFile; fileRef = 8A7D6EBA200C092300AA0FA7 /* ExercisesTableViewController.swift */; };
		8A7D6EBD200C156500AA0FA7 /* everkinetic-data in Resources */ = {isa = PBXBuildFile; fileRef = 8A7D6EBC200C156500AA0FA7 /* everkinetic-data */; };
		8A8CEB7C2040F99100A44D17 /* TimeIntervalExtension.swift in Sources */ = {isa = PBXBuildFile; fileRef = 8A8CEB7B2040F99100A44D17 /* TimeIntervalExtension.swift */; };
		8AA947F4203B88C6005D1758 /* AddSetTableViewCell.swift in Sources */ = {isa = PBXBuildFile; fileRef = 8AA947F3203B88C6005D1758 /* AddSetTableViewCell.swift */; };
		8AABF2A920168462009C047D /* EverkineticDataProvider.swift in Sources */ = {isa = PBXBuildFile; fileRef = 8AABF2A820168462009C047D /* EverkineticDataProvider.swift */; };
		8AABF2AB201688E3009C047D /* ExerciseGroupsTableViewController.swift in Sources */ = {isa = PBXBuildFile; fileRef = 8AABF2AA201688E3009C047D /* ExerciseGroupsTableViewController.swift */; };
		8AB8A5952034C097004366F2 /* Training.swift in Sources */ = {isa = PBXBuildFile; fileRef = 8AB8A5942034C097004366F2 /* Training.swift */; };
		8AB8A5972034C0AF004366F2 /* TrainingExercise.swift in Sources */ = {isa = PBXBuildFile; fileRef = 8AB8A5962034C0AF004366F2 /* TrainingExercise.swift */; };
		8AB8A5992034C0BA004366F2 /* TrainingSet.swift in Sources */ = {isa = PBXBuildFile; fileRef = 8AB8A5982034C0BA004366F2 /* TrainingSet.swift */; };
		8AB972F7203583E40099507B /* CoreDataHelper.swift in Sources */ = {isa = PBXBuildFile; fileRef = 8AB972F6203583E40099507B /* CoreDataHelper.swift */; };
		8AC2B323200D2C8000DC68BE /* Exercise.swift in Sources */ = {isa = PBXBuildFile; fileRef = 8AC2B322200D2C8000DC68BE /* Exercise.swift */; };
		8AC2B325200D2FC700DC68BE /* EverkineticParser.swift in Sources */ = {isa = PBXBuildFile; fileRef = 8AC2B324200D2FC700DC68BE /* EverkineticParser.swift */; };
		8AD40829202F979800A73E05 /* Training.storyboard in Resources */ = {isa = PBXBuildFile; fileRef = 8AD40827202F979800A73E05 /* Training.storyboard */; };
		8AD4082C202F97E200A73E05 /* Exercises.storyboard in Resources */ = {isa = PBXBuildFile; fileRef = 8AD4082A202F97E200A73E05 /* Exercises.storyboard */; };
		8AD40830202FA82300A73E05 /* TrainingViewController.swift in Sources */ = {isa = PBXBuildFile; fileRef = 8AD4082F202FA82300A73E05 /* TrainingViewController.swift */; };
		8AD40834202FC71B00A73E05 /* ArrayExtension.swift in Sources */ = {isa = PBXBuildFile; fileRef = 8AD40833202FC71B00A73E05 /* ArrayExtension.swift */; };
		ACD0EC9B0D331A9B4BDF72CA /* Pods_Rhino_FitTests.framework in Frameworks */ = {isa = PBXBuildFile; fileRef = 975E1AD2ED9C8201C800776A /* Pods_Rhino_FitTests.framework */; };
		B2B5464AE119C7DA15FA73ED /* Pods_Rhino_Fit.framework in Frameworks */ = {isa = PBXBuildFile; fileRef = 6F0DC61818D23003792140A0 /* Pods_Rhino_Fit.framework */; };
/* End PBXBuildFile section */

/* Begin PBXContainerItemProxy section */
		8A7D6EAC200BF92E00AA0FA7 /* PBXContainerItemProxy */ = {
			isa = PBXContainerItemProxy;
			containerPortal = 8A7D6E8C200BF92E00AA0FA7 /* Project object */;
			proxyType = 1;
			remoteGlobalIDString = 8A7D6E93200BF92E00AA0FA7;
			remoteInfo = "Rhino Fit";
		};
/* End PBXContainerItemProxy section */

/* Begin PBXFileReference section */
		0BC075B5C41FFE2F61320901 /* Pods-Rhino FitTests.debug.xcconfig */ = {isa = PBXFileReference; includeInIndex = 1; lastKnownFileType = text.xcconfig; name = "Pods-Rhino FitTests.debug.xcconfig"; path = "Pods/Target Support Files/Pods-Rhino FitTests/Pods-Rhino FitTests.debug.xcconfig"; sourceTree = "<group>"; };
		16A7135C00D94F1CDEDCEF20 /* Pods-Rhino Fit.debug.xcconfig */ = {isa = PBXFileReference; includeInIndex = 1; lastKnownFileType = text.xcconfig; name = "Pods-Rhino Fit.debug.xcconfig"; path = "Pods/Target Support Files/Pods-Rhino Fit/Pods-Rhino Fit.debug.xcconfig"; sourceTree = "<group>"; };
		6F0DC61818D23003792140A0 /* Pods_Rhino_Fit.framework */ = {isa = PBXFileReference; explicitFileType = wrapper.framework; includeInIndex = 0; path = Pods_Rhino_Fit.framework; sourceTree = BUILT_PRODUCTS_DIR; };
		80558E9154ADBCE77B4762E7 /* Pods-Rhino FitTests.release.xcconfig */ = {isa = PBXFileReference; includeInIndex = 1; lastKnownFileType = text.xcconfig; name = "Pods-Rhino FitTests.release.xcconfig"; path = "Pods/Target Support Files/Pods-Rhino FitTests/Pods-Rhino FitTests.release.xcconfig"; sourceTree = "<group>"; };
		8A239AE7203580A1006BB38B /* Rhino_FitCoreDataTests.swift */ = {isa = PBXFileReference; lastKnownFileType = sourcecode.swift; path = Rhino_FitCoreDataTests.swift; sourceTree = "<group>"; };
		8A2ED8C5201D680100E160F1 /* StartTrainingViewController.swift */ = {isa = PBXFileReference; lastKnownFileType = sourcecode.swift; path = StartTrainingViewController.swift; sourceTree = "<group>"; };
		8A2F6BC8202E22EA00CB241A /* UIViewControllerExtension.swift */ = {isa = PBXFileReference; lastKnownFileType = sourcecode.swift; path = UIViewControllerExtension.swift; sourceTree = "<group>"; };
		8A4863032035A476004B1067 /* TrainingExercisePageViewController.swift */ = {isa = PBXFileReference; lastKnownFileType = sourcecode.swift; path = TrainingExercisePageViewController.swift; sourceTree = "<group>"; };
		8A4863052035A48D004B1067 /* TrainingExerciseViewController.swift */ = {isa = PBXFileReference; lastKnownFileType = sourcecode.swift; path = TrainingExerciseViewController.swift; sourceTree = "<group>"; };
		8A53AF9820191B86007AE0B3 /* ExerciseDetailViewController.swift */ = {isa = PBXFileReference; lastKnownFileType = sourcecode.swift; path = ExerciseDetailViewController.swift; sourceTree = "<group>"; };
		8A53AF9A20191C67007AE0B3 /* ExerciseImageTableViewCell.swift */ = {isa = PBXFileReference; lastKnownFileType = sourcecode.swift; path = ExerciseImageTableViewCell.swift; sourceTree = "<group>"; };
		8A7D6E94200BF92E00AA0FA7 /* Rhino Fit.app */ = {isa = PBXFileReference; explicitFileType = wrapper.application; includeInIndex = 0; path = "Rhino Fit.app"; sourceTree = BUILT_PRODUCTS_DIR; };
		8A7D6E97200BF92E00AA0FA7 /* AppDelegate.swift */ = {isa = PBXFileReference; lastKnownFileType = sourcecode.swift; path = AppDelegate.swift; sourceTree = "<group>"; };
		8A7D6E9C200BF92E00AA0FA7 /* Base */ = {isa = PBXFileReference; lastKnownFileType = file.storyboard; name = Base; path = Base.lproj/Main.storyboard; sourceTree = "<group>"; };
		8A7D6E9F200BF92E00AA0FA7 /* Rhino_Fit.xcdatamodel */ = {isa = PBXFileReference; lastKnownFileType = wrapper.xcdatamodel; path = Rhino_Fit.xcdatamodel; sourceTree = "<group>"; };
		8A7D6EA1200BF92E00AA0FA7 /* Assets.xcassets */ = {isa = PBXFileReference; lastKnownFileType = folder.assetcatalog; path = Assets.xcassets; sourceTree = "<group>"; };
		8A7D6EA4200BF92E00AA0FA7 /* Base */ = {isa = PBXFileReference; lastKnownFileType = file.storyboard; name = Base; path = Base.lproj/LaunchScreen.storyboard; sourceTree = "<group>"; };
		8A7D6EA6200BF92E00AA0FA7 /* Info.plist */ = {isa = PBXFileReference; lastKnownFileType = text.plist.xml; path = Info.plist; sourceTree = "<group>"; };
		8A7D6EAB200BF92E00AA0FA7 /* Rhino FitTests.xctest */ = {isa = PBXFileReference; explicitFileType = wrapper.cfbundle; includeInIndex = 0; path = "Rhino FitTests.xctest"; sourceTree = BUILT_PRODUCTS_DIR; };
		8A7D6EAF200BF92E00AA0FA7 /* Rhino_FitTests.swift */ = {isa = PBXFileReference; lastKnownFileType = sourcecode.swift; path = Rhino_FitTests.swift; sourceTree = "<group>"; };
		8A7D6EB1200BF92E00AA0FA7 /* Info.plist */ = {isa = PBXFileReference; lastKnownFileType = text.plist.xml; path = Info.plist; sourceTree = "<group>"; };
		8A7D6EBA200C092300AA0FA7 /* ExercisesTableViewController.swift */ = {isa = PBXFileReference; lastKnownFileType = sourcecode.swift; path = ExercisesTableViewController.swift; sourceTree = "<group>"; };
		8A7D6EBC200C156500AA0FA7 /* everkinetic-data */ = {isa = PBXFileReference; lastKnownFileType = folder; path = "everkinetic-data"; sourceTree = "<group>"; };
		8A8CEB7B2040F99100A44D17 /* TimeIntervalExtension.swift */ = {isa = PBXFileReference; lastKnownFileType = sourcecode.swift; path = TimeIntervalExtension.swift; sourceTree = "<group>"; };
		8AA947F3203B88C6005D1758 /* AddSetTableViewCell.swift */ = {isa = PBXFileReference; lastKnownFileType = sourcecode.swift; path = AddSetTableViewCell.swift; sourceTree = "<group>"; };
		8AABF2A820168462009C047D /* EverkineticDataProvider.swift */ = {isa = PBXFileReference; lastKnownFileType = sourcecode.swift; path = EverkineticDataProvider.swift; sourceTree = "<group>"; };
		8AABF2AA201688E3009C047D /* ExerciseGroupsTableViewController.swift */ = {isa = PBXFileReference; lastKnownFileType = sourcecode.swift; path = ExerciseGroupsTableViewController.swift; sourceTree = "<group>"; };
		8AB8A5942034C097004366F2 /* Training.swift */ = {isa = PBXFileReference; lastKnownFileType = sourcecode.swift; path = Training.swift; sourceTree = "<group>"; };
		8AB8A5962034C0AF004366F2 /* TrainingExercise.swift */ = {isa = PBXFileReference; lastKnownFileType = sourcecode.swift; path = TrainingExercise.swift; sourceTree = "<group>"; };
		8AB8A5982034C0BA004366F2 /* TrainingSet.swift */ = {isa = PBXFileReference; lastKnownFileType = sourcecode.swift; path = TrainingSet.swift; sourceTree = "<group>"; };
		8AB972F6203583E40099507B /* CoreDataHelper.swift */ = {isa = PBXFileReference; lastKnownFileType = sourcecode.swift; path = CoreDataHelper.swift; sourceTree = "<group>"; };
		8AC2B322200D2C8000DC68BE /* Exercise.swift */ = {isa = PBXFileReference; lastKnownFileType = sourcecode.swift; path = Exercise.swift; sourceTree = "<group>"; };
		8AC2B324200D2FC700DC68BE /* EverkineticParser.swift */ = {isa = PBXFileReference; lastKnownFileType = sourcecode.swift; path = EverkineticParser.swift; sourceTree = "<group>"; };
		8AD40828202F979800A73E05 /* Base */ = {isa = PBXFileReference; lastKnownFileType = file.storyboard; name = Base; path = Base.lproj/Training.storyboard; sourceTree = "<group>"; };
		8AD4082B202F97E200A73E05 /* Base */ = {isa = PBXFileReference; lastKnownFileType = file.storyboard; name = Base; path = Base.lproj/Exercises.storyboard; sourceTree = "<group>"; };
		8AD4082F202FA82300A73E05 /* TrainingViewController.swift */ = {isa = PBXFileReference; lastKnownFileType = sourcecode.swift; path = TrainingViewController.swift; sourceTree = "<group>"; };
		8AD40833202FC71B00A73E05 /* ArrayExtension.swift */ = {isa = PBXFileReference; lastKnownFileType = sourcecode.swift; path = ArrayExtension.swift; sourceTree = "<group>"; };
		975E1AD2ED9C8201C800776A /* Pods_Rhino_FitTests.framework */ = {isa = PBXFileReference; explicitFileType = wrapper.framework; includeInIndex = 0; path = Pods_Rhino_FitTests.framework; sourceTree = BUILT_PRODUCTS_DIR; };
		9D9704172984128D2BDC5466 /* Pods-Rhino Fit.release.xcconfig */ = {isa = PBXFileReference; includeInIndex = 1; lastKnownFileType = text.xcconfig; name = "Pods-Rhino Fit.release.xcconfig"; path = "Pods/Target Support Files/Pods-Rhino Fit/Pods-Rhino Fit.release.xcconfig"; sourceTree = "<group>"; };
/* End PBXFileReference section */

/* Begin PBXFrameworksBuildPhase section */
		8A7D6E91200BF92E00AA0FA7 /* Frameworks */ = {
			isa = PBXFrameworksBuildPhase;
			buildActionMask = 2147483647;
			files = (
				B2B5464AE119C7DA15FA73ED /* Pods_Rhino_Fit.framework in Frameworks */,
			);
			runOnlyForDeploymentPostprocessing = 0;
		};
		8A7D6EA8200BF92E00AA0FA7 /* Frameworks */ = {
			isa = PBXFrameworksBuildPhase;
			buildActionMask = 2147483647;
			files = (
				ACD0EC9B0D331A9B4BDF72CA /* Pods_Rhino_FitTests.framework in Frameworks */,
			);
			runOnlyForDeploymentPostprocessing = 0;
		};
/* End PBXFrameworksBuildPhase section */

/* Begin PBXGroup section */
		0F66DB06EF93426734398018 /* Frameworks */ = {
			isa = PBXGroup;
			children = (
				6F0DC61818D23003792140A0 /* Pods_Rhino_Fit.framework */,
				975E1AD2ED9C8201C800776A /* Pods_Rhino_FitTests.framework */,
			);
			name = Frameworks;
			sourceTree = "<group>";
		};
		8A53AF9720191B5C007AE0B3 /* ExerciseDetailScene */ = {
			isa = PBXGroup;
			children = (
				8A53AF9820191B86007AE0B3 /* ExerciseDetailViewController.swift */,
				8A53AF9A20191C67007AE0B3 /* ExerciseImageTableViewCell.swift */,
			);
			path = ExerciseDetailScene;
			sourceTree = "<group>";
		};
		8A5809412049E2300070D794 /* Training */ = {
			isa = PBXGroup;
			children = (
				8AD4082D202FA7F700A73E05 /* StartTrainingScene */,
				8AD4082E202FA81200A73E05 /* TrainingScene */,
				8AA947F2203B8864005D1758 /* TrainingExerciseViewControllerScene */,
			);
			path = Training;
			sourceTree = "<group>";
		};
		8A5809432049E2590070D794 /* Exercises */ = {
			isa = PBXGroup;
			children = (
				8AABF2AD20168906009C047D /* ExercisesScene */,
				8AABF2AE2016898A009C047D /* ExerciseGroupsScene */,
				8A53AF9720191B5C007AE0B3 /* ExerciseDetailScene */,
			);
			path = Exercises;
			sourceTree = "<group>";
		};
		8A7D6E8B200BF92E00AA0FA7 = {
			isa = PBXGroup;
			children = (
				8A7D6E96200BF92E00AA0FA7 /* Rhino Fit */,
				8A7D6EAE200BF92E00AA0FA7 /* Rhino FitTests */,
				8A7D6E95200BF92E00AA0FA7 /* Products */,
				9500C407BE043857C54B4BA6 /* Pods */,
				0F66DB06EF93426734398018 /* Frameworks */,
			);
			sourceTree = "<group>";
		};
		8A7D6E95200BF92E00AA0FA7 /* Products */ = {
			isa = PBXGroup;
			children = (
				8A7D6E94200BF92E00AA0FA7 /* Rhino Fit.app */,
				8A7D6EAB200BF92E00AA0FA7 /* Rhino FitTests.xctest */,
			);
			name = Products;
			sourceTree = "<group>";
		};
		8A7D6E96200BF92E00AA0FA7 /* Rhino Fit */ = {
			isa = PBXGroup;
			children = (
				8AD40826202F96CB00A73E05 /* Extension */,
				8AABF2A6201683C8009C047D /* Data */,
				8AABF2AC20168900009C047D /* UI */,
				8A7D6E97200BF92E00AA0FA7 /* AppDelegate.swift */,
				8A7D6E9B200BF92E00AA0FA7 /* Main.storyboard */,
				8AD4082A202F97E200A73E05 /* Exercises.storyboard */,
				8AD40827202F979800A73E05 /* Training.storyboard */,
				8A7D6EA3200BF92E00AA0FA7 /* LaunchScreen.storyboard */,
				8A7D6EA6200BF92E00AA0FA7 /* Info.plist */,
				8A7D6E9E200BF92E00AA0FA7 /* Rhino_Fit.xcdatamodeld */,
				8A7D6EA1200BF92E00AA0FA7 /* Assets.xcassets */,
				8A7D6EBC200C156500AA0FA7 /* everkinetic-data */,
			);
			path = "Rhino Fit";
			sourceTree = "<group>";
		};
		8A7D6EAE200BF92E00AA0FA7 /* Rhino FitTests */ = {
			isa = PBXGroup;
			children = (
				8A7D6EAF200BF92E00AA0FA7 /* Rhino_FitTests.swift */,
				8A239AE7203580A1006BB38B /* Rhino_FitCoreDataTests.swift */,
				8A7D6EB1200BF92E00AA0FA7 /* Info.plist */,
				8AB972F6203583E40099507B /* CoreDataHelper.swift */,
			);
			path = "Rhino FitTests";
			sourceTree = "<group>";
		};
		8AA947F2203B8864005D1758 /* TrainingExerciseViewControllerScene */ = {
			isa = PBXGroup;
			children = (
				8A4863032035A476004B1067 /* TrainingExercisePageViewController.swift */,
				8A4863052035A48D004B1067 /* TrainingExerciseViewController.swift */,
				8AA947F3203B88C6005D1758 /* AddSetTableViewCell.swift */,
			);
			path = TrainingExerciseViewControllerScene;
			sourceTree = "<group>";
		};
		8AABF2A6201683C8009C047D /* Data */ = {
			isa = PBXGroup;
			children = (
				8AD40835202FC7C200A73E05 /* Model */,
				8AABF2A7201683E8009C047D /* Everkinetic */,
			);
			path = Data;
			sourceTree = "<group>";
		};
		8AABF2A7201683E8009C047D /* Everkinetic */ = {
			isa = PBXGroup;
			children = (
				8AC2B324200D2FC700DC68BE /* EverkineticParser.swift */,
				8AABF2A820168462009C047D /* EverkineticDataProvider.swift */,
			);
			path = Everkinetic;
			sourceTree = "<group>";
		};
		8AABF2AC20168900009C047D /* UI */ = {
			isa = PBXGroup;
			children = (
				8A5809412049E2300070D794 /* Training */,
				8A5809432049E2590070D794 /* Exercises */,
			);
			path = UI;
			sourceTree = "<group>";
		};
		8AABF2AD20168906009C047D /* ExercisesScene */ = {
			isa = PBXGroup;
			children = (
				8A7D6EBA200C092300AA0FA7 /* ExercisesTableViewController.swift */,
			);
			path = ExercisesScene;
			sourceTree = "<group>";
		};
		8AABF2AE2016898A009C047D /* ExerciseGroupsScene */ = {
			isa = PBXGroup;
			children = (
				8AABF2AA201688E3009C047D /* ExerciseGroupsTableViewController.swift */,
			);
			path = ExerciseGroupsScene;
			sourceTree = "<group>";
		};
		8AB8A5932034C072004366F2 /* CoreData */ = {
			isa = PBXGroup;
			children = (
				8AB8A5942034C097004366F2 /* Training.swift */,
				8AB8A5982034C0BA004366F2 /* TrainingSet.swift */,
				8AB8A5962034C0AF004366F2 /* TrainingExercise.swift */,
			);
			path = CoreData;
			sourceTree = "<group>";
		};
		8AD40826202F96CB00A73E05 /* Extension */ = {
			isa = PBXGroup;
			children = (
				8A2F6BC8202E22EA00CB241A /* UIViewControllerExtension.swift */,
				8AD40833202FC71B00A73E05 /* ArrayExtension.swift */,
				8A8CEB7B2040F99100A44D17 /* TimeIntervalExtension.swift */,
			);
			path = Extension;
			sourceTree = "<group>";
		};
		8AD4082D202FA7F700A73E05 /* StartTrainingScene */ = {
			isa = PBXGroup;
			children = (
				8A2ED8C5201D680100E160F1 /* StartTrainingViewController.swift */,
			);
			path = StartTrainingScene;
			sourceTree = "<group>";
		};
		8AD4082E202FA81200A73E05 /* TrainingScene */ = {
			isa = PBXGroup;
			children = (
				8AD4082F202FA82300A73E05 /* TrainingViewController.swift */,
			);
			path = TrainingScene;
			sourceTree = "<group>";
		};
		8AD40835202FC7C200A73E05 /* Model */ = {
			isa = PBXGroup;
			children = (
				8AB8A5932034C072004366F2 /* CoreData */,
				8AC2B322200D2C8000DC68BE /* Exercise.swift */,
			);
			path = Model;
			sourceTree = "<group>";
		};
		9500C407BE043857C54B4BA6 /* Pods */ = {
			isa = PBXGroup;
			children = (
				16A7135C00D94F1CDEDCEF20 /* Pods-Rhino Fit.debug.xcconfig */,
				9D9704172984128D2BDC5466 /* Pods-Rhino Fit.release.xcconfig */,
				0BC075B5C41FFE2F61320901 /* Pods-Rhino FitTests.debug.xcconfig */,
				80558E9154ADBCE77B4762E7 /* Pods-Rhino FitTests.release.xcconfig */,
			);
			name = Pods;
			sourceTree = "<group>";
		};
/* End PBXGroup section */

/* Begin PBXNativeTarget section */
		8A7D6E93200BF92E00AA0FA7 /* Rhino Fit */ = {
			isa = PBXNativeTarget;
			buildConfigurationList = 8A7D6EB4200BF92E00AA0FA7 /* Build configuration list for PBXNativeTarget "Rhino Fit" */;
			buildPhases = (
				315DAD69244E5A8B882AE950 /* [CP] Check Pods Manifest.lock */,
				8A7D6E90200BF92E00AA0FA7 /* Sources */,
				8A7D6E91200BF92E00AA0FA7 /* Frameworks */,
				8A7D6E92200BF92E00AA0FA7 /* Resources */,
				6392C8AD658C1DD710182B50 /* [CP] Embed Pods Frameworks */,
				B6CB5FCDC36DB0589C414A8D /* [CP] Copy Pods Resources */,
			);
			buildRules = (
			);
			dependencies = (
			);
			name = "Rhino Fit";
			productName = "Rhino Fit";
			productReference = 8A7D6E94200BF92E00AA0FA7 /* Rhino Fit.app */;
			productType = "com.apple.product-type.application";
		};
		8A7D6EAA200BF92E00AA0FA7 /* Rhino FitTests */ = {
			isa = PBXNativeTarget;
			buildConfigurationList = 8A7D6EB7200BF92E00AA0FA7 /* Build configuration list for PBXNativeTarget "Rhino FitTests" */;
			buildPhases = (
				B77221BCC0C7CC76E9497C80 /* [CP] Check Pods Manifest.lock */,
				8A7D6EA7200BF92E00AA0FA7 /* Sources */,
				8A7D6EA8200BF92E00AA0FA7 /* Frameworks */,
				8A7D6EA9200BF92E00AA0FA7 /* Resources */,
				FC7D40A1CBEEA321941E820B /* [CP] Embed Pods Frameworks */,
				2048C6033845A12C5EFB5F0C /* [CP] Copy Pods Resources */,
			);
			buildRules = (
			);
			dependencies = (
				8A7D6EAD200BF92E00AA0FA7 /* PBXTargetDependency */,
			);
			name = "Rhino FitTests";
			productName = "Rhino FitTests";
			productReference = 8A7D6EAB200BF92E00AA0FA7 /* Rhino FitTests.xctest */;
			productType = "com.apple.product-type.bundle.unit-test";
		};
/* End PBXNativeTarget section */

/* Begin PBXProject section */
		8A7D6E8C200BF92E00AA0FA7 /* Project object */ = {
			isa = PBXProject;
			attributes = {
				LastSwiftUpdateCheck = 0920;
				LastUpgradeCheck = 0920;
				ORGANIZATIONNAME = "Karim Abou Zeid Software";
				TargetAttributes = {
					8A7D6E93200BF92E00AA0FA7 = {
						CreatedOnToolsVersion = 9.2;
						ProvisioningStyle = Automatic;
					};
					8A7D6EAA200BF92E00AA0FA7 = {
						CreatedOnToolsVersion = 9.2;
						ProvisioningStyle = Automatic;
						TestTargetID = 8A7D6E93200BF92E00AA0FA7;
					};
				};
			};
			buildConfigurationList = 8A7D6E8F200BF92E00AA0FA7 /* Build configuration list for PBXProject "Rhino Fit" */;
			compatibilityVersion = "Xcode 8.0";
			developmentRegion = en;
			hasScannedForEncodings = 0;
			knownRegions = (
				en,
				Base,
			);
			mainGroup = 8A7D6E8B200BF92E00AA0FA7;
			productRefGroup = 8A7D6E95200BF92E00AA0FA7 /* Products */;
			projectDirPath = "";
			projectRoot = "";
			targets = (
				8A7D6E93200BF92E00AA0FA7 /* Rhino Fit */,
				8A7D6EAA200BF92E00AA0FA7 /* Rhino FitTests */,
			);
		};
/* End PBXProject section */

/* Begin PBXResourcesBuildPhase section */
		8A7D6E92200BF92E00AA0FA7 /* Resources */ = {
			isa = PBXResourcesBuildPhase;
			buildActionMask = 2147483647;
			files = (
				8AD40829202F979800A73E05 /* Training.storyboard in Resources */,
				8A7D6EBD200C156500AA0FA7 /* everkinetic-data in Resources */,
				8A7D6EA5200BF92E00AA0FA7 /* LaunchScreen.storyboard in Resources */,
				8A7D6EA2200BF92E00AA0FA7 /* Assets.xcassets in Resources */,
				8AD4082C202F97E200A73E05 /* Exercises.storyboard in Resources */,
				8A7D6E9D200BF92E00AA0FA7 /* Main.storyboard in Resources */,
			);
			runOnlyForDeploymentPostprocessing = 0;
		};
		8A7D6EA9200BF92E00AA0FA7 /* Resources */ = {
			isa = PBXResourcesBuildPhase;
			buildActionMask = 2147483647;
			files = (
			);
			runOnlyForDeploymentPostprocessing = 0;
		};
/* End PBXResourcesBuildPhase section */

/* Begin PBXShellScriptBuildPhase section */
		2048C6033845A12C5EFB5F0C /* [CP] Copy Pods Resources */ = {
			isa = PBXShellScriptBuildPhase;
			buildActionMask = 2147483647;
			files = (
			);
			inputPaths = (
			);
			name = "[CP] Copy Pods Resources";
			outputPaths = (
			);
			runOnlyForDeploymentPostprocessing = 0;
			shellPath = /bin/sh;
			shellScript = "\"${SRCROOT}/Pods/Target Support Files/Pods-Rhino FitTests/Pods-Rhino FitTests-resources.sh\"\n";
			showEnvVarsInLog = 0;
		};
		315DAD69244E5A8B882AE950 /* [CP] Check Pods Manifest.lock */ = {
			isa = PBXShellScriptBuildPhase;
			buildActionMask = 2147483647;
			files = (
			);
			inputPaths = (
				"${PODS_PODFILE_DIR_PATH}/Podfile.lock",
				"${PODS_ROOT}/Manifest.lock",
			);
			name = "[CP] Check Pods Manifest.lock";
			outputPaths = (
				"$(DERIVED_FILE_DIR)/Pods-Rhino Fit-checkManifestLockResult.txt",
			);
			runOnlyForDeploymentPostprocessing = 0;
			shellPath = /bin/sh;
			shellScript = "diff \"${PODS_PODFILE_DIR_PATH}/Podfile.lock\" \"${PODS_ROOT}/Manifest.lock\" > /dev/null\nif [ $? != 0 ] ; then\n    # print error to STDERR\n    echo \"error: The sandbox is not in sync with the Podfile.lock. Run 'pod install' or update your CocoaPods installation.\" >&2\n    exit 1\nfi\n# This output is used by Xcode 'outputs' to avoid re-running this script phase.\necho \"SUCCESS\" > \"${SCRIPT_OUTPUT_FILE_0}\"\n";
			showEnvVarsInLog = 0;
		};
		6392C8AD658C1DD710182B50 /* [CP] Embed Pods Frameworks */ = {
			isa = PBXShellScriptBuildPhase;
			buildActionMask = 2147483647;
			files = (
			);
			inputPaths = (
				"${SRCROOT}/Pods/Target Support Files/Pods-Rhino Fit/Pods-Rhino Fit-frameworks.sh",
				"${BUILT_PRODUCTS_DIR}/Benchmark/Benchmark.framework",
				"${BUILT_PRODUCTS_DIR}/SwiftyJSON/SwiftyJSON.framework",
			);
			name = "[CP] Embed Pods Frameworks";
			outputPaths = (
				"${TARGET_BUILD_DIR}/${FRAMEWORKS_FOLDER_PATH}/Benchmark.framework",
				"${TARGET_BUILD_DIR}/${FRAMEWORKS_FOLDER_PATH}/SwiftyJSON.framework",
			);
			runOnlyForDeploymentPostprocessing = 0;
			shellPath = /bin/sh;
			shellScript = "\"${SRCROOT}/Pods/Target Support Files/Pods-Rhino Fit/Pods-Rhino Fit-frameworks.sh\"\n";
			showEnvVarsInLog = 0;
		};
		B6CB5FCDC36DB0589C414A8D /* [CP] Copy Pods Resources */ = {
			isa = PBXShellScriptBuildPhase;
			buildActionMask = 2147483647;
			files = (
			);
			inputPaths = (
			);
			name = "[CP] Copy Pods Resources";
			outputPaths = (
			);
			runOnlyForDeploymentPostprocessing = 0;
			shellPath = /bin/sh;
			shellScript = "\"${SRCROOT}/Pods/Target Support Files/Pods-Rhino Fit/Pods-Rhino Fit-resources.sh\"\n";
			showEnvVarsInLog = 0;
		};
		B77221BCC0C7CC76E9497C80 /* [CP] Check Pods Manifest.lock */ = {
			isa = PBXShellScriptBuildPhase;
			buildActionMask = 2147483647;
			files = (
			);
			inputPaths = (
				"${PODS_PODFILE_DIR_PATH}/Podfile.lock",
				"${PODS_ROOT}/Manifest.lock",
			);
			name = "[CP] Check Pods Manifest.lock";
			outputPaths = (
				"$(DERIVED_FILE_DIR)/Pods-Rhino FitTests-checkManifestLockResult.txt",
			);
			runOnlyForDeploymentPostprocessing = 0;
			shellPath = /bin/sh;
			shellScript = "diff \"${PODS_PODFILE_DIR_PATH}/Podfile.lock\" \"${PODS_ROOT}/Manifest.lock\" > /dev/null\nif [ $? != 0 ] ; then\n    # print error to STDERR\n    echo \"error: The sandbox is not in sync with the Podfile.lock. Run 'pod install' or update your CocoaPods installation.\" >&2\n    exit 1\nfi\n# This output is used by Xcode 'outputs' to avoid re-running this script phase.\necho \"SUCCESS\" > \"${SCRIPT_OUTPUT_FILE_0}\"\n";
			showEnvVarsInLog = 0;
		};
		FC7D40A1CBEEA321941E820B /* [CP] Embed Pods Frameworks */ = {
			isa = PBXShellScriptBuildPhase;
			buildActionMask = 2147483647;
			files = (
			);
			inputPaths = (
			);
			name = "[CP] Embed Pods Frameworks";
			outputPaths = (
			);
			runOnlyForDeploymentPostprocessing = 0;
			shellPath = /bin/sh;
			shellScript = "\"${SRCROOT}/Pods/Target Support Files/Pods-Rhino FitTests/Pods-Rhino FitTests-frameworks.sh\"\n";
			showEnvVarsInLog = 0;
		};
/* End PBXShellScriptBuildPhase section */

/* Begin PBXSourcesBuildPhase section */
		8A7D6E90200BF92E00AA0FA7 /* Sources */ = {
			isa = PBXSourcesBuildPhase;
			buildActionMask = 2147483647;
			files = (
				8A4863062035A48D004B1067 /* TrainingExerciseViewController.swift in Sources */,
				8AC2B323200D2C8000DC68BE /* Exercise.swift in Sources */,
				8AABF2AB201688E3009C047D /* ExerciseGroupsTableViewController.swift in Sources */,
				8A53AF9B20191C67007AE0B3 /* ExerciseImageTableViewCell.swift in Sources */,
				8A7D6EA0200BF92E00AA0FA7 /* Rhino_Fit.xcdatamodeld in Sources */,
				8AB8A5992034C0BA004366F2 /* TrainingSet.swift in Sources */,
				8A7D6E98200BF92E00AA0FA7 /* AppDelegate.swift in Sources */,
				8A53AF9920191B86007AE0B3 /* ExerciseDetailViewController.swift in Sources */,
				8AA947F4203B88C6005D1758 /* AddSetTableViewCell.swift in Sources */,
				8AD40830202FA82300A73E05 /* TrainingViewController.swift in Sources */,
				8AB8A5952034C097004366F2 /* Training.swift in Sources */,
				8A8CEB7C2040F99100A44D17 /* TimeIntervalExtension.swift in Sources */,
				8AC2B325200D2FC700DC68BE /* EverkineticParser.swift in Sources */,
				8AABF2A920168462009C047D /* EverkineticDataProvider.swift in Sources */,
				8A4863042035A476004B1067 /* TrainingExercisePageViewController.swift in Sources */,
				8A7D6EBB200C092300AA0FA7 /* ExercisesTableViewController.swift in Sources */,
				8AB8A5972034C0AF004366F2 /* TrainingExercise.swift in Sources */,
				8A2F6BC9202E22EA00CB241A /* UIViewControllerExtension.swift in Sources */,
				8A2ED8C6201D680100E160F1 /* StartTrainingViewController.swift in Sources */,
				8AD40834202FC71B00A73E05 /* ArrayExtension.swift in Sources */,
			);
			runOnlyForDeploymentPostprocessing = 0;
		};
		8A7D6EA7200BF92E00AA0FA7 /* Sources */ = {
			isa = PBXSourcesBuildPhase;
			buildActionMask = 2147483647;
			files = (
				8AB972F7203583E40099507B /* CoreDataHelper.swift in Sources */,
				8A7D6EB0200BF92E00AA0FA7 /* Rhino_FitTests.swift in Sources */,
				8A239AE8203580A1006BB38B /* Rhino_FitCoreDataTests.swift in Sources */,
			);
			runOnlyForDeploymentPostprocessing = 0;
		};
/* End PBXSourcesBuildPhase section */

/* Begin PBXTargetDependency section */
		8A7D6EAD200BF92E00AA0FA7 /* PBXTargetDependency */ = {
			isa = PBXTargetDependency;
			target = 8A7D6E93200BF92E00AA0FA7 /* Rhino Fit */;
			targetProxy = 8A7D6EAC200BF92E00AA0FA7 /* PBXContainerItemProxy */;
		};
/* End PBXTargetDependency section */

/* Begin PBXVariantGroup section */
		8A7D6E9B200BF92E00AA0FA7 /* Main.storyboard */ = {
			isa = PBXVariantGroup;
			children = (
				8A7D6E9C200BF92E00AA0FA7 /* Base */,
			);
			name = Main.storyboard;
			sourceTree = "<group>";
		};
		8A7D6EA3200BF92E00AA0FA7 /* LaunchScreen.storyboard */ = {
			isa = PBXVariantGroup;
			children = (
				8A7D6EA4200BF92E00AA0FA7 /* Base */,
			);
			name = LaunchScreen.storyboard;
			sourceTree = "<group>";
		};
		8AD40827202F979800A73E05 /* Training.storyboard */ = {
			isa = PBXVariantGroup;
			children = (
				8AD40828202F979800A73E05 /* Base */,
			);
			name = Training.storyboard;
			sourceTree = "<group>";
		};
		8AD4082A202F97E200A73E05 /* Exercises.storyboard */ = {
			isa = PBXVariantGroup;
			children = (
				8AD4082B202F97E200A73E05 /* Base */,
			);
			name = Exercises.storyboard;
			sourceTree = "<group>";
		};
/* End PBXVariantGroup section */

/* Begin XCBuildConfiguration section */
		8A7D6EB2200BF92E00AA0FA7 /* Debug */ = {
			isa = XCBuildConfiguration;
			buildSettings = {
				ALWAYS_SEARCH_USER_PATHS = NO;
				CLANG_ANALYZER_NONNULL = YES;
				CLANG_ANALYZER_NUMBER_OBJECT_CONVERSION = YES_AGGRESSIVE;
				CLANG_CXX_LANGUAGE_STANDARD = "gnu++14";
				CLANG_CXX_LIBRARY = "libc++";
				CLANG_ENABLE_MODULES = YES;
				CLANG_ENABLE_OBJC_ARC = YES;
				CLANG_WARN_BLOCK_CAPTURE_AUTORELEASING = YES;
				CLANG_WARN_BOOL_CONVERSION = YES;
				CLANG_WARN_COMMA = YES;
				CLANG_WARN_CONSTANT_CONVERSION = YES;
				CLANG_WARN_DIRECT_OBJC_ISA_USAGE = YES_ERROR;
				CLANG_WARN_DOCUMENTATION_COMMENTS = YES;
				CLANG_WARN_EMPTY_BODY = YES;
				CLANG_WARN_ENUM_CONVERSION = YES;
				CLANG_WARN_INFINITE_RECURSION = YES;
				CLANG_WARN_INT_CONVERSION = YES;
				CLANG_WARN_NON_LITERAL_NULL_CONVERSION = YES;
				CLANG_WARN_OBJC_LITERAL_CONVERSION = YES;
				CLANG_WARN_OBJC_ROOT_CLASS = YES_ERROR;
				CLANG_WARN_RANGE_LOOP_ANALYSIS = YES;
				CLANG_WARN_STRICT_PROTOTYPES = YES;
				CLANG_WARN_SUSPICIOUS_MOVE = YES;
				CLANG_WARN_UNGUARDED_AVAILABILITY = YES_AGGRESSIVE;
				CLANG_WARN_UNREACHABLE_CODE = YES;
				CLANG_WARN__DUPLICATE_METHOD_MATCH = YES;
				CODE_SIGN_IDENTITY = "iPhone Developer";
				COPY_PHASE_STRIP = NO;
				DEBUG_INFORMATION_FORMAT = dwarf;
				ENABLE_STRICT_OBJC_MSGSEND = YES;
				ENABLE_TESTABILITY = YES;
				GCC_C_LANGUAGE_STANDARD = gnu11;
				GCC_DYNAMIC_NO_PIC = NO;
				GCC_NO_COMMON_BLOCKS = YES;
				GCC_OPTIMIZATION_LEVEL = 0;
				GCC_PREPROCESSOR_DEFINITIONS = (
					"DEBUG=1",
					"$(inherited)",
				);
				GCC_WARN_64_TO_32_BIT_CONVERSION = YES;
				GCC_WARN_ABOUT_RETURN_TYPE = YES_ERROR;
				GCC_WARN_UNDECLARED_SELECTOR = YES;
				GCC_WARN_UNINITIALIZED_AUTOS = YES_AGGRESSIVE;
				GCC_WARN_UNUSED_FUNCTION = YES;
				GCC_WARN_UNUSED_VARIABLE = YES;
				IPHONEOS_DEPLOYMENT_TARGET = 11.2;
				MTL_ENABLE_DEBUG_INFO = YES;
				ONLY_ACTIVE_ARCH = YES;
				SDKROOT = iphoneos;
				SWIFT_ACTIVE_COMPILATION_CONDITIONS = DEBUG;
				SWIFT_OPTIMIZATION_LEVEL = "-Onone";
			};
			name = Debug;
		};
		8A7D6EB3200BF92E00AA0FA7 /* Release */ = {
			isa = XCBuildConfiguration;
			buildSettings = {
				ALWAYS_SEARCH_USER_PATHS = NO;
				CLANG_ANALYZER_NONNULL = YES;
				CLANG_ANALYZER_NUMBER_OBJECT_CONVERSION = YES_AGGRESSIVE;
				CLANG_CXX_LANGUAGE_STANDARD = "gnu++14";
				CLANG_CXX_LIBRARY = "libc++";
				CLANG_ENABLE_MODULES = YES;
				CLANG_ENABLE_OBJC_ARC = YES;
				CLANG_WARN_BLOCK_CAPTURE_AUTORELEASING = YES;
				CLANG_WARN_BOOL_CONVERSION = YES;
				CLANG_WARN_COMMA = YES;
				CLANG_WARN_CONSTANT_CONVERSION = YES;
				CLANG_WARN_DIRECT_OBJC_ISA_USAGE = YES_ERROR;
				CLANG_WARN_DOCUMENTATION_COMMENTS = YES;
				CLANG_WARN_EMPTY_BODY = YES;
				CLANG_WARN_ENUM_CONVERSION = YES;
				CLANG_WARN_INFINITE_RECURSION = YES;
				CLANG_WARN_INT_CONVERSION = YES;
				CLANG_WARN_NON_LITERAL_NULL_CONVERSION = YES;
				CLANG_WARN_OBJC_LITERAL_CONVERSION = YES;
				CLANG_WARN_OBJC_ROOT_CLASS = YES_ERROR;
				CLANG_WARN_RANGE_LOOP_ANALYSIS = YES;
				CLANG_WARN_STRICT_PROTOTYPES = YES;
				CLANG_WARN_SUSPICIOUS_MOVE = YES;
				CLANG_WARN_UNGUARDED_AVAILABILITY = YES_AGGRESSIVE;
				CLANG_WARN_UNREACHABLE_CODE = YES;
				CLANG_WARN__DUPLICATE_METHOD_MATCH = YES;
				CODE_SIGN_IDENTITY = "iPhone Developer";
				COPY_PHASE_STRIP = NO;
				DEBUG_INFORMATION_FORMAT = "dwarf-with-dsym";
				ENABLE_NS_ASSERTIONS = NO;
				ENABLE_STRICT_OBJC_MSGSEND = YES;
				GCC_C_LANGUAGE_STANDARD = gnu11;
				GCC_NO_COMMON_BLOCKS = YES;
				GCC_WARN_64_TO_32_BIT_CONVERSION = YES;
				GCC_WARN_ABOUT_RETURN_TYPE = YES_ERROR;
				GCC_WARN_UNDECLARED_SELECTOR = YES;
				GCC_WARN_UNINITIALIZED_AUTOS = YES_AGGRESSIVE;
				GCC_WARN_UNUSED_FUNCTION = YES;
				GCC_WARN_UNUSED_VARIABLE = YES;
				IPHONEOS_DEPLOYMENT_TARGET = 11.2;
				MTL_ENABLE_DEBUG_INFO = NO;
				SDKROOT = iphoneos;
				SWIFT_OPTIMIZATION_LEVEL = "-Owholemodule";
				VALIDATE_PRODUCT = YES;
			};
			name = Release;
		};
		8A7D6EB5200BF92E00AA0FA7 /* Debug */ = {
			isa = XCBuildConfiguration;
			baseConfigurationReference = 16A7135C00D94F1CDEDCEF20 /* Pods-Rhino Fit.debug.xcconfig */;
			buildSettings = {
				ASSETCATALOG_COMPILER_APPICON_NAME = AppIcon;
				CODE_SIGN_STYLE = Automatic;
				DEVELOPMENT_TEAM = JU32M8U949;
				INFOPLIST_FILE = "Rhino Fit/Info.plist";
				LD_RUNPATH_SEARCH_PATHS = "$(inherited) @executable_path/Frameworks";
				PRODUCT_BUNDLE_IDENTIFIER = "com.kabouzeid.Rhino-Fit";
				PRODUCT_NAME = "$(TARGET_NAME)";
				SWIFT_VERSION = 4.0;
				TARGETED_DEVICE_FAMILY = "1,2";
			};
			name = Debug;
		};
		8A7D6EB6200BF92E00AA0FA7 /* Release */ = {
			isa = XCBuildConfiguration;
			baseConfigurationReference = 9D9704172984128D2BDC5466 /* Pods-Rhino Fit.release.xcconfig */;
			buildSettings = {
				ASSETCATALOG_COMPILER_APPICON_NAME = AppIcon;
				CODE_SIGN_STYLE = Automatic;
				DEVELOPMENT_TEAM = JU32M8U949;
				INFOPLIST_FILE = "Rhino Fit/Info.plist";
				LD_RUNPATH_SEARCH_PATHS = "$(inherited) @executable_path/Frameworks";
				PRODUCT_BUNDLE_IDENTIFIER = "com.kabouzeid.Rhino-Fit";
				PRODUCT_NAME = "$(TARGET_NAME)";
				SWIFT_VERSION = 4.0;
				TARGETED_DEVICE_FAMILY = "1,2";
			};
			name = Release;
		};
		8A7D6EB8200BF92E00AA0FA7 /* Debug */ = {
			isa = XCBuildConfiguration;
			baseConfigurationReference = 0BC075B5C41FFE2F61320901 /* Pods-Rhino FitTests.debug.xcconfig */;
			buildSettings = {
				ALWAYS_EMBED_SWIFT_STANDARD_LIBRARIES = YES;
				BUNDLE_LOADER = "$(TEST_HOST)";
				CODE_SIGN_STYLE = Automatic;
				DEVELOPMENT_TEAM = JU32M8U949;
				INFOPLIST_FILE = "Rhino FitTests/Info.plist";
				LD_RUNPATH_SEARCH_PATHS = "$(inherited) @executable_path/Frameworks @loader_path/Frameworks";
				PRODUCT_BUNDLE_IDENTIFIER = "com.kabouzeid.Rhino-FitTests";
				PRODUCT_NAME = "$(TARGET_NAME)";
				SWIFT_VERSION = 4.0;
				TARGETED_DEVICE_FAMILY = "1,2";
				TEST_HOST = "$(BUILT_PRODUCTS_DIR)/Rhino Fit.app/Rhino Fit";
			};
			name = Debug;
		};
		8A7D6EB9200BF92E00AA0FA7 /* Release */ = {
			isa = XCBuildConfiguration;
			baseConfigurationReference = 80558E9154ADBCE77B4762E7 /* Pods-Rhino FitTests.release.xcconfig */;
			buildSettings = {
				ALWAYS_EMBED_SWIFT_STANDARD_LIBRARIES = YES;
				BUNDLE_LOADER = "$(TEST_HOST)";
				CODE_SIGN_STYLE = Automatic;
				DEVELOPMENT_TEAM = JU32M8U949;
				INFOPLIST_FILE = "Rhino FitTests/Info.plist";
				LD_RUNPATH_SEARCH_PATHS = "$(inherited) @executable_path/Frameworks @loader_path/Frameworks";
				PRODUCT_BUNDLE_IDENTIFIER = "com.kabouzeid.Rhino-FitTests";
				PRODUCT_NAME = "$(TARGET_NAME)";
				SWIFT_VERSION = 4.0;
				TARGETED_DEVICE_FAMILY = "1,2";
				TEST_HOST = "$(BUILT_PRODUCTS_DIR)/Rhino Fit.app/Rhino Fit";
			};
			name = Release;
		};
/* End XCBuildConfiguration section */

/* Begin XCConfigurationList section */
		8A7D6E8F200BF92E00AA0FA7 /* Build configuration list for PBXProject "Rhino Fit" */ = {
			isa = XCConfigurationList;
			buildConfigurations = (
				8A7D6EB2200BF92E00AA0FA7 /* Debug */,
				8A7D6EB3200BF92E00AA0FA7 /* Release */,
			);
			defaultConfigurationIsVisible = 0;
			defaultConfigurationName = Release;
		};
		8A7D6EB4200BF92E00AA0FA7 /* Build configuration list for PBXNativeTarget "Rhino Fit" */ = {
			isa = XCConfigurationList;
			buildConfigurations = (
				8A7D6EB5200BF92E00AA0FA7 /* Debug */,
				8A7D6EB6200BF92E00AA0FA7 /* Release */,
			);
			defaultConfigurationIsVisible = 0;
			defaultConfigurationName = Release;
		};
		8A7D6EB7200BF92E00AA0FA7 /* Build configuration list for PBXNativeTarget "Rhino FitTests" */ = {
			isa = XCConfigurationList;
			buildConfigurations = (
				8A7D6EB8200BF92E00AA0FA7 /* Debug */,
				8A7D6EB9200BF92E00AA0FA7 /* Release */,
			);
			defaultConfigurationIsVisible = 0;
			defaultConfigurationName = Release;
		};
/* End XCConfigurationList section */

/* Begin XCVersionGroup section */
		8A7D6E9E200BF92E00AA0FA7 /* Rhino_Fit.xcdatamodeld */ = {
			isa = XCVersionGroup;
			children = (
				8A7D6E9F200BF92E00AA0FA7 /* Rhino_Fit.xcdatamodel */,
			);
			currentVersion = 8A7D6E9F200BF92E00AA0FA7 /* Rhino_Fit.xcdatamodel */;
			path = Rhino_Fit.xcdatamodeld;
			sourceTree = "<group>";
			versionGroupType = wrapper.xcdatamodel;
		};
/* End XCVersionGroup section */
	};
	rootObject = 8A7D6E8C200BF92E00AA0FA7 /* Project object */;
}
